// !$*UTF8*$!
{
	archiveVersion = 1;
	classes = {
	};
	objectVersion = 46;
	objects = {

/* Begin PBXAggregateTarget section */
		55CB2F7A734EAC5552881C16 /* LadderFilterBasic - All */ = {
			isa = PBXAggregateTarget;
			buildConfigurationList = BAC05C52BCD3C812D72805E8;
			buildPhases = (
			);
			dependencies = (
				5F2A41332A7CFB3683343079,
				4C73690DA32F0183C6778C24,
				444E514F22D20C36D748C327,
				C8D3B9EAED3C4B346846DCCC,
			);
			name = "LadderFilterBasic - All";
			productName = LadderFilterBasic;
		};
/* End PBXAggregateTarget section */

/* Begin PBXBuildFile section */
		007D4DF80470DE81FB84B1F1 /* include_juce_audio_processors_lv2_libs.cpp */ = {isa = PBXBuildFile; fileRef = 8D2934036F7E2814FD3CBE4A; };
		129AAF0B2F763DBCA6D294D7 /* include_juce_gui_extra.mm */ = {isa = PBXBuildFile; fileRef = 9369D6D51ABD5D5022EDD508; };
		14331E7533A7945A3DF94E70 /* include_juce_core.mm */ = {isa = PBXBuildFile; fileRef = 19610AA3973D0EF3FB048AD2; };
		23B31570867F516ADC432813 /* include_juce_audio_basics.mm */ = {isa = PBXBuildFile; fileRef = E420A574EEFD421AC1D66E48; };
		26085FB696C9BB59D93BC414 /* include_juce_audio_plugin_client_Standalone.cpp */ = {isa = PBXBuildFile; fileRef = BF74721B00544033606BA276; };
		26A73383889844DE19E17E07 /* AudioToolbox.framework */ = {isa = PBXBuildFile; fileRef = 65CEC15F48399EAB08571543; };
		2C25767198ABB514DE124D1F /* WebKit.framework */ = {isa = PBXBuildFile; fileRef = 59932DFF19FEF03483572686; };
		33A1CC42E0681213E45D38A3 /* include_juce_audio_processors.mm */ = {isa = PBXBuildFile; fileRef = 54801A37D9FC33857B888A07; };
		3BCF1EEE33D6067921104C30 /* include_juce_audio_devices.mm */ = {isa = PBXBuildFile; fileRef = A13CDE94886C397FBE888090; };
		3D929EB7F40869FA1D8B3C0F /* Accelerate.framework */ = {isa = PBXBuildFile; fileRef = BE78ADEB81A44BF941483CF6; };
		440442B14531BF5AD8E16B35 /* include_juce_data_structures.mm */ = {isa = PBXBuildFile; fileRef = 13CF0C15EA4B7E3C55A286B2; };
		4B9B2F56C6146D156DE96B77 /* PluginEditor.cpp */ = {isa = PBXBuildFile; fileRef = E685577EFA634B613A10B800; };
		5FBDD4F0A73155E9A8272171 /* include_juce_gui_basics.mm */ = {isa = PBXBuildFile; fileRef = 4250C4E638FC3A7AB161BC70; };
		606972EB770B3E14D7F218AD /* include_juce_audio_plugin_client_utils.cpp */ = {isa = PBXBuildFile; fileRef = E1DE88DA0EEDBA9433C4CC00; };
		637C233D3CE57CE11935C140 /* AudioUnit.framework */ = {isa = PBXBuildFile; fileRef = 9B29F8CBD3B8F8E9E1991D89; };
		63C7207FE858866D623D3932 /* include_juce_audio_plugin_client_AU.r */ = {isa = PBXBuildFile; fileRef = 3F77973BF57F9AFA5C77666C; };
		641BAC906FF832ED4CAF1862 /* CoreMIDI.framework */ = {isa = PBXBuildFile; fileRef = F2348FFB30B1974D1F778BFC; };
		6546FCF03E093A63797C9C1B /* include_juce_dsp.mm */ = {isa = PBXBuildFile; fileRef = 80F92BB570972564C5336B48; };
		66074ECD69D801D907734808 /* AU */ = {isa = PBXBuildFile; fileRef = D32679E2694E8F1BD9D59A03; };
		6697D529009BF8D74969068E /* include_juce_audio_plugin_client_AU_1.mm */ = {isa = PBXBuildFile; fileRef = 17524857202AEA3E65D33BE2; };
		68FD54C22CE5794AEDBD48B3 /* include_juce_audio_utils.mm */ = {isa = PBXBuildFile; fileRef = 361667C6798B8EC27AC03E47; };
		6BC15DCD8D6A6E12F12563FC /* include_juce_graphics.mm */ = {isa = PBXBuildFile; fileRef = 45F95B9B3E706C6E168BD95C; };
		74CDE566AFE1ABD2CB13A246 /* Cocoa.framework */ = {isa = PBXBuildFile; fileRef = BD2F1E41FD52492EE49B332C; };
		8116076D02AD5B8F52E7F08C /* include_juce_audio_processors_ara.cpp */ = {isa = PBXBuildFile; fileRef = F234E33F4522A64D49FC31A8; };
		8BA0C4B0808FD86891BA3213 /* PluginProcessor.cpp */ = {isa = PBXBuildFile; fileRef = 0B4EA74971E5ADFEBFE3E949; };
		91D6E440B79ED10719701274 /* include_juce_audio_plugin_client_AU_2.mm */ = {isa = PBXBuildFile; fileRef = 35933603D7221D41F2F50549; };
		9628FAB992143C7832F583B9 /* Shared Code */ = {isa = PBXBuildFile; fileRef = EC08D08E037EB5059A08BF00; };
		96AA28A56FD06FA001FEA153 /* include_juce_audio_plugin_client_VST3.cpp */ = {isa = PBXBuildFile; fileRef = E60BA5B3C157720E32398B24; };
		9A1A24991109A92696C5D5C4 /* DiscRecording.framework */ = {isa = PBXBuildFile; fileRef = DFEE40E8D5EC69E8969C6650; };
		9B30AFF22AEBBD48FAEACA75 /* RecentFilesMenuTemplate.nib */ = {isa = PBXBuildFile; fileRef = 7DB9871E6A31FC7A2DBA9C18; };
		A4393DBCD22B2876543AA6E9 /* include_juce_events.mm */ = {isa = PBXBuildFile; fileRef = 6BCBB0BBEFC954D586A1882F; };
		ACBFE96AE949C1CC17AA4CBA /* Foundation.framework */ = {isa = PBXBuildFile; fileRef = 55DFC5099FC491FA17F13932; };
		C4340F00E7289B04D694E62C /* IOKit.framework */ = {isa = PBXBuildFile; fileRef = 80BC38CF07EF4E3CE3CCCB59; };
		CC59D8E67D96E84159DE6A80 /* CoreAudio.framework */ = {isa = PBXBuildFile; fileRef = 4BDB1C2340069E668139408F; };
		CEDBD5D408356D6C4D683694 /* QuartzCore.framework */ = {isa = PBXBuildFile; fileRef = CF6CB9C60A92431599DE4DF2; };
		E751B881D364F1C0B5191BD7 /* include_juce_audio_plugin_client_ARA.cpp */ = {isa = PBXBuildFile; fileRef = E828F71949448CEDC8A48B25; };
		E8E26BF38AB822F9A3AFA80C /* CoreAudioKit.framework */ = {isa = PBXBuildFile; fileRef = 073775E6187CD8851BE7861D; };
		EA7D63F7BEF3BC6705BB5CE0 /* include_juce_audio_formats.mm */ = {isa = PBXBuildFile; fileRef = 288AF7F64D178C0D50521F04; };
		EEADC339C1F49FF77CF10219 /* include_juce_audio_plugin_client_VST_utils.mm */ = {isa = PBXBuildFile; fileRef = C3FDC40D847E7DB7A096DA1F; };
		F5B84DC45DBEFF61FED9FF05 /* Standalone Plugin */ = {isa = PBXBuildFile; fileRef = 2ECEBB427C6ADD97E7F22D9F; };
		FE5A717A0DA745ACCEC030B8 /* VST3 */ = {isa = PBXBuildFile; fileRef = 7C4A245F9D67FFAC3B398EAB; };
/* End PBXBuildFile section */

/* Begin PBXFileReference section */
		02EB8A00F137356FCE617E46 /* juce_audio_processors */ /* juce_audio_processors */ = {isa = PBXFileReference; lastKnownFileType = folder; name = juce_audio_processors; path = /Applications/JUCE/modules/juce_audio_processors; sourceTree = "<absolute>"; };
		073775E6187CD8851BE7861D /* CoreAudioKit.framework */ /* CoreAudioKit.framework */ = {isa = PBXFileReference; lastKnownFileType = wrapper.framework; name = CoreAudioKit.framework; path = System/Library/Frameworks/CoreAudioKit.framework; sourceTree = SDKROOT; };
		0B4EA74971E5ADFEBFE3E949 /* PluginProcessor.cpp */ /* PluginProcessor.cpp */ = {isa = PBXFileReference; lastKnownFileType = sourcecode.cpp.cpp; name = PluginProcessor.cpp; path = ../../Source/PluginProcessor.cpp; sourceTree = SOURCE_ROOT; };
		12863FB3DA75BF1073733325 /* Info-Standalone_Plugin.plist */ /* Info-Standalone_Plugin.plist */ = {isa = PBXFileReference; lastKnownFileType = text.plist.xml; name = "Info-Standalone_Plugin.plist"; path = "Info-Standalone_Plugin.plist"; sourceTree = SOURCE_ROOT; };
		13CF0C15EA4B7E3C55A286B2 /* include_juce_data_structures.mm */ /* include_juce_data_structures.mm */ = {isa = PBXFileReference; lastKnownFileType = sourcecode.cpp.objcpp; name = include_juce_data_structures.mm; path = ../../JuceLibraryCode/include_juce_data_structures.mm; sourceTree = SOURCE_ROOT; };
		17524857202AEA3E65D33BE2 /* include_juce_audio_plugin_client_AU_1.mm */ /* include_juce_audio_plugin_client_AU_1.mm */ = {isa = PBXFileReference; lastKnownFileType = sourcecode.cpp.objcpp; name = include_juce_audio_plugin_client_AU_1.mm; path = ../../JuceLibraryCode/include_juce_audio_plugin_client_AU_1.mm; sourceTree = SOURCE_ROOT; };
		19610AA3973D0EF3FB048AD2 /* include_juce_core.mm */ /* include_juce_core.mm */ = {isa = PBXFileReference; lastKnownFileType = sourcecode.cpp.objcpp; name = include_juce_core.mm; path = ../../JuceLibraryCode/include_juce_core.mm; sourceTree = SOURCE_ROOT; };
		1CB6CEEB27735119FBACFFA7 /* juce_audio_basics */ /* juce_audio_basics */ = {isa = PBXFileReference; lastKnownFileType = folder; name = juce_audio_basics; path = /Applications/JUCE/modules/juce_audio_basics; sourceTree = "<absolute>"; };
		2444500EF7A8B80CE64778F1 /* JuceHeader.h */ /* JuceHeader.h */ = {isa = PBXFileReference; lastKnownFileType = sourcecode.c.h; name = JuceHeader.h; path = ../../JuceLibraryCode/JuceHeader.h; sourceTree = SOURCE_ROOT; };
		288AF7F64D178C0D50521F04 /* include_juce_audio_formats.mm */ /* include_juce_audio_formats.mm */ = {isa = PBXFileReference; lastKnownFileType = sourcecode.cpp.objcpp; name = include_juce_audio_formats.mm; path = ../../JuceLibraryCode/include_juce_audio_formats.mm; sourceTree = SOURCE_ROOT; };
		2ECEBB427C6ADD97E7F22D9F /* Standalone Plugin */ = {isa = PBXFileReference; explicitFileType = wrapper.application; includeInIndex = 0; path = LadderFilterBasic.app; sourceTree = BUILT_PRODUCTS_DIR; };
		3359381C21EFA219438F32C6 /* Info-VST3.plist */ /* Info-VST3.plist */ = {isa = PBXFileReference; lastKnownFileType = text.plist.xml; name = "Info-VST3.plist"; path = "Info-VST3.plist"; sourceTree = SOURCE_ROOT; };
		35933603D7221D41F2F50549 /* include_juce_audio_plugin_client_AU_2.mm */ /* include_juce_audio_plugin_client_AU_2.mm */ = {isa = PBXFileReference; lastKnownFileType = sourcecode.cpp.objcpp; name = include_juce_audio_plugin_client_AU_2.mm; path = ../../JuceLibraryCode/include_juce_audio_plugin_client_AU_2.mm; sourceTree = SOURCE_ROOT; };
		361667C6798B8EC27AC03E47 /* include_juce_audio_utils.mm */ /* include_juce_audio_utils.mm */ = {isa = PBXFileReference; lastKnownFileType = sourcecode.cpp.objcpp; name = include_juce_audio_utils.mm; path = ../../JuceLibraryCode/include_juce_audio_utils.mm; sourceTree = SOURCE_ROOT; };
		38156FBE811A5403F89922CB /* juce_audio_plugin_client */ /* juce_audio_plugin_client */ = {isa = PBXFileReference; lastKnownFileType = folder; name = juce_audio_plugin_client; path = /Applications/JUCE/modules/juce_audio_plugin_client; sourceTree = "<absolute>"; };
		3F77973BF57F9AFA5C77666C /* include_juce_audio_plugin_client_AU.r */ /* include_juce_audio_plugin_client_AU.r */ = {isa = PBXFileReference; lastKnownFileType = file.r; name = include_juce_audio_plugin_client_AU.r; path = ../../JuceLibraryCode/include_juce_audio_plugin_client_AU.r; sourceTree = SOURCE_ROOT; };
		4250C4E638FC3A7AB161BC70 /* include_juce_gui_basics.mm */ /* include_juce_gui_basics.mm */ = {isa = PBXFileReference; lastKnownFileType = sourcecode.cpp.objcpp; name = include_juce_gui_basics.mm; path = ../../JuceLibraryCode/include_juce_gui_basics.mm; sourceTree = SOURCE_ROOT; };
		45F95B9B3E706C6E168BD95C /* include_juce_graphics.mm */ /* include_juce_graphics.mm */ = {isa = PBXFileReference; lastKnownFileType = sourcecode.cpp.objcpp; name = include_juce_graphics.mm; path = ../../JuceLibraryCode/include_juce_graphics.mm; sourceTree = SOURCE_ROOT; };
		4BDB1C2340069E668139408F /* CoreAudio.framework */ /* CoreAudio.framework */ = {isa = PBXFileReference; lastKnownFileType = wrapper.framework; name = CoreAudio.framework; path = System/Library/Frameworks/CoreAudio.framework; sourceTree = SDKROOT; };
		54801A37D9FC33857B888A07 /* include_juce_audio_processors.mm */ /* include_juce_audio_processors.mm */ = {isa = PBXFileReference; lastKnownFileType = sourcecode.cpp.objcpp; name = include_juce_audio_processors.mm; path = ../../JuceLibraryCode/include_juce_audio_processors.mm; sourceTree = SOURCE_ROOT; };
		55DFC5099FC491FA17F13932 /* Foundation.framework */ /* Foundation.framework */ = {isa = PBXFileReference; lastKnownFileType = wrapper.framework; name = Foundation.framework; path = System/Library/Frameworks/Foundation.framework; sourceTree = SDKROOT; };
		59932DFF19FEF03483572686 /* WebKit.framework */ /* WebKit.framework */ = {isa = PBXFileReference; lastKnownFileType = wrapper.framework; name = WebKit.framework; path = System/Library/Frameworks/WebKit.framework; sourceTree = SDKROOT; };
		64141D72E25C3C5098FE0EFA /* juce_gui_basics */ /* juce_gui_basics */ = {isa = PBXFileReference; lastKnownFileType = folder; name = juce_gui_basics; path = /Applications/JUCE/modules/juce_gui_basics; sourceTree = "<absolute>"; };
		65CEC15F48399EAB08571543 /* AudioToolbox.framework */ /* AudioToolbox.framework */ = {isa = PBXFileReference; lastKnownFileType = wrapper.framework; name = AudioToolbox.framework; path = System/Library/Frameworks/AudioToolbox.framework; sourceTree = SDKROOT; };
		6BCBB0BBEFC954D586A1882F /* include_juce_events.mm */ /* include_juce_events.mm */ = {isa = PBXFileReference; lastKnownFileType = sourcecode.cpp.objcpp; name = include_juce_events.mm; path = ../../JuceLibraryCode/include_juce_events.mm; sourceTree = SOURCE_ROOT; };
		752ECD53FE922798A0FD6011 /* JucePluginDefines.h */ /* JucePluginDefines.h */ = {isa = PBXFileReference; lastKnownFileType = sourcecode.c.h; name = JucePluginDefines.h; path = ../../JuceLibraryCode/JucePluginDefines.h; sourceTree = SOURCE_ROOT; };
		772B64433B979FF11AD1588B /* juce_audio_devices */ /* juce_audio_devices */ = {isa = PBXFileReference; lastKnownFileType = folder; name = juce_audio_devices; path = /Applications/JUCE/modules/juce_audio_devices; sourceTree = "<absolute>"; };
		7C4A245F9D67FFAC3B398EAB /* VST3 */ = {isa = PBXFileReference; explicitFileType = wrapper.cfbundle; includeInIndex = 0; path = LadderFilterBasic.vst3; sourceTree = BUILT_PRODUCTS_DIR; };
		7DB9871E6A31FC7A2DBA9C18 /* RecentFilesMenuTemplate.nib */ /* RecentFilesMenuTemplate.nib */ = {isa = PBXFileReference; lastKnownFileType = file.nib; name = RecentFilesMenuTemplate.nib; path = RecentFilesMenuTemplate.nib; sourceTree = SOURCE_ROOT; };
		80BC38CF07EF4E3CE3CCCB59 /* IOKit.framework */ /* IOKit.framework */ = {isa = PBXFileReference; lastKnownFileType = wrapper.framework; name = IOKit.framework; path = System/Library/Frameworks/IOKit.framework; sourceTree = SDKROOT; };
		80F92BB570972564C5336B48 /* include_juce_dsp.mm */ /* include_juce_dsp.mm */ = {isa = PBXFileReference; lastKnownFileType = sourcecode.cpp.objcpp; name = include_juce_dsp.mm; path = ../../JuceLibraryCode/include_juce_dsp.mm; sourceTree = SOURCE_ROOT; };
		8A1B6C429921C9648931B1FC /* juce_audio_utils */ /* juce_audio_utils */ = {isa = PBXFileReference; lastKnownFileType = folder; name = juce_audio_utils; path = /Applications/JUCE/modules/juce_audio_utils; sourceTree = "<absolute>"; };
		8D2934036F7E2814FD3CBE4A /* include_juce_audio_processors_lv2_libs.cpp */ /* include_juce_audio_processors_lv2_libs.cpp */ = {isa = PBXFileReference; lastKnownFileType = sourcecode.cpp.cpp; name = include_juce_audio_processors_lv2_libs.cpp; path = ../../JuceLibraryCode/include_juce_audio_processors_lv2_libs.cpp; sourceTree = SOURCE_ROOT; };
		92979C56254CACFF6153D0A2 /* PluginEditor.h */ /* PluginEditor.h */ = {isa = PBXFileReference; lastKnownFileType = sourcecode.c.h; name = PluginEditor.h; path = ../../Source/PluginEditor.h; sourceTree = SOURCE_ROOT; };
		9369D6D51ABD5D5022EDD508 /* include_juce_gui_extra.mm */ /* include_juce_gui_extra.mm */ = {isa = PBXFileReference; lastKnownFileType = sourcecode.cpp.objcpp; name = include_juce_gui_extra.mm; path = ../../JuceLibraryCode/include_juce_gui_extra.mm; sourceTree = SOURCE_ROOT; };
		9B29F8CBD3B8F8E9E1991D89 /* AudioUnit.framework */ /* AudioUnit.framework */ = {isa = PBXFileReference; lastKnownFileType = wrapper.framework; name = AudioUnit.framework; path = System/Library/Frameworks/AudioUnit.framework; sourceTree = SDKROOT; };
		9F3FC50730C7E4C655CEF29E /* juce_audio_formats */ /* juce_audio_formats */ = {isa = PBXFileReference; lastKnownFileType = folder; name = juce_audio_formats; path = /Applications/JUCE/modules/juce_audio_formats; sourceTree = "<absolute>"; };
		A072DB6230C752900DD60F1C /* PluginProcessor.h */ /* PluginProcessor.h */ = {isa = PBXFileReference; lastKnownFileType = sourcecode.c.h; name = PluginProcessor.h; path = ../../Source/PluginProcessor.h; sourceTree = SOURCE_ROOT; };
		A13CDE94886C397FBE888090 /* include_juce_audio_devices.mm */ /* include_juce_audio_devices.mm */ = {isa = PBXFileReference; lastKnownFileType = sourcecode.cpp.objcpp; name = include_juce_audio_devices.mm; path = ../../JuceLibraryCode/include_juce_audio_devices.mm; sourceTree = SOURCE_ROOT; };
		B0552B1CF74BB5175A1CFBB7 /* juce_gui_extra */ /* juce_gui_extra */ = {isa = PBXFileReference; lastKnownFileType = folder; name = juce_gui_extra; path = /Applications/JUCE/modules/juce_gui_extra; sourceTree = "<absolute>"; };
		B3D83380C9B08B7E9619D0B2 /* juce_core */ /* juce_core */ = {isa = PBXFileReference; lastKnownFileType = folder; name = juce_core; path = /Applications/JUCE/modules/juce_core; sourceTree = "<absolute>"; };
		B85F0762F66551FCC467CFB4 /* juce_dsp */ /* juce_dsp */ = {isa = PBXFileReference; lastKnownFileType = folder; name = juce_dsp; path = /Applications/JUCE/modules/juce_dsp; sourceTree = "<absolute>"; };
		BD2F1E41FD52492EE49B332C /* Cocoa.framework */ /* Cocoa.framework */ = {isa = PBXFileReference; lastKnownFileType = wrapper.framework; name = Cocoa.framework; path = System/Library/Frameworks/Cocoa.framework; sourceTree = SDKROOT; };
		BE78ADEB81A44BF941483CF6 /* Accelerate.framework */ /* Accelerate.framework */ = {isa = PBXFileReference; lastKnownFileType = wrapper.framework; name = Accelerate.framework; path = System/Library/Frameworks/Accelerate.framework; sourceTree = SDKROOT; };
		BF74721B00544033606BA276 /* include_juce_audio_plugin_client_Standalone.cpp */ /* include_juce_audio_plugin_client_Standalone.cpp */ = {isa = PBXFileReference; lastKnownFileType = sourcecode.cpp.cpp; name = include_juce_audio_plugin_client_Standalone.cpp; path = ../../JuceLibraryCode/include_juce_audio_plugin_client_Standalone.cpp; sourceTree = SOURCE_ROOT; };
		C155AD10054C034F178C4D74 /* juce_graphics */ /* juce_graphics */ = {isa = PBXFileReference; lastKnownFileType = folder; name = juce_graphics; path = /Applications/JUCE/modules/juce_graphics; sourceTree = "<absolute>"; };
		C3FDC40D847E7DB7A096DA1F /* include_juce_audio_plugin_client_VST_utils.mm */ /* include_juce_audio_plugin_client_VST_utils.mm */ = {isa = PBXFileReference; lastKnownFileType = sourcecode.cpp.objcpp; name = include_juce_audio_plugin_client_VST_utils.mm; path = ../../JuceLibraryCode/include_juce_audio_plugin_client_VST_utils.mm; sourceTree = SOURCE_ROOT; };
		CF225953CEB542D520976585 /* juce_events */ /* juce_events */ = {isa = PBXFileReference; lastKnownFileType = folder; name = juce_events; path = /Applications/JUCE/modules/juce_events; sourceTree = "<absolute>"; };
		CF6CB9C60A92431599DE4DF2 /* QuartzCore.framework */ /* QuartzCore.framework */ = {isa = PBXFileReference; lastKnownFileType = wrapper.framework; name = QuartzCore.framework; path = System/Library/Frameworks/QuartzCore.framework; sourceTree = SDKROOT; };
		D32679E2694E8F1BD9D59A03 /* AU */ = {isa = PBXFileReference; explicitFileType = wrapper.cfbundle; includeInIndex = 0; path = LadderFilterBasic.component; sourceTree = BUILT_PRODUCTS_DIR; };
		DFEE40E8D5EC69E8969C6650 /* DiscRecording.framework */ /* DiscRecording.framework */ = {isa = PBXFileReference; lastKnownFileType = wrapper.framework; name = DiscRecording.framework; path = System/Library/Frameworks/DiscRecording.framework; sourceTree = SDKROOT; };
		E1DE88DA0EEDBA9433C4CC00 /* include_juce_audio_plugin_client_utils.cpp */ /* include_juce_audio_plugin_client_utils.cpp */ = {isa = PBXFileReference; lastKnownFileType = sourcecode.cpp.cpp; name = include_juce_audio_plugin_client_utils.cpp; path = ../../JuceLibraryCode/include_juce_audio_plugin_client_utils.cpp; sourceTree = SOURCE_ROOT; };
		E420A574EEFD421AC1D66E48 /* include_juce_audio_basics.mm */ /* include_juce_audio_basics.mm */ = {isa = PBXFileReference; lastKnownFileType = sourcecode.cpp.objcpp; name = include_juce_audio_basics.mm; path = ../../JuceLibraryCode/include_juce_audio_basics.mm; sourceTree = SOURCE_ROOT; };
		E60BA5B3C157720E32398B24 /* include_juce_audio_plugin_client_VST3.cpp */ /* include_juce_audio_plugin_client_VST3.cpp */ = {isa = PBXFileReference; lastKnownFileType = sourcecode.cpp.cpp; name = include_juce_audio_plugin_client_VST3.cpp; path = ../../JuceLibraryCode/include_juce_audio_plugin_client_VST3.cpp; sourceTree = SOURCE_ROOT; };
		E685577EFA634B613A10B800 /* PluginEditor.cpp */ /* PluginEditor.cpp */ = {isa = PBXFileReference; lastKnownFileType = sourcecode.cpp.cpp; name = PluginEditor.cpp; path = ../../Source/PluginEditor.cpp; sourceTree = SOURCE_ROOT; };
		E828F71949448CEDC8A48B25 /* include_juce_audio_plugin_client_ARA.cpp */ /* include_juce_audio_plugin_client_ARA.cpp */ = {isa = PBXFileReference; lastKnownFileType = sourcecode.cpp.cpp; name = include_juce_audio_plugin_client_ARA.cpp; path = ../../JuceLibraryCode/include_juce_audio_plugin_client_ARA.cpp; sourceTree = SOURCE_ROOT; };
		EC08D08E037EB5059A08BF00 /* Shared Code */ = {isa = PBXFileReference; explicitFileType = archive.ar; includeInIndex = 0; path = libLadderFilterBasic.a; sourceTree = BUILT_PRODUCTS_DIR; };
		F0722A8C0CF11874B1EAFDC8 /* juce_data_structures */ /* juce_data_structures */ = {isa = PBXFileReference; lastKnownFileType = folder; name = juce_data_structures; path = /Applications/JUCE/modules/juce_data_structures; sourceTree = "<absolute>"; };
		F2348FFB30B1974D1F778BFC /* CoreMIDI.framework */ /* CoreMIDI.framework */ = {isa = PBXFileReference; lastKnownFileType = wrapper.framework; name = CoreMIDI.framework; path = System/Library/Frameworks/CoreMIDI.framework; sourceTree = SDKROOT; };
		F234E33F4522A64D49FC31A8 /* include_juce_audio_processors_ara.cpp */ /* include_juce_audio_processors_ara.cpp */ = {isa = PBXFileReference; lastKnownFileType = sourcecode.cpp.cpp; name = include_juce_audio_processors_ara.cpp; path = ../../JuceLibraryCode/include_juce_audio_processors_ara.cpp; sourceTree = SOURCE_ROOT; };
		F77A4E043F8CA243CF73F00F /* Info-AU.plist */ /* Info-AU.plist */ = {isa = PBXFileReference; lastKnownFileType = text.plist.xml; name = "Info-AU.plist"; path = "Info-AU.plist"; sourceTree = SOURCE_ROOT; };
/* End PBXFileReference section */

/* Begin PBXFrameworksBuildPhase section */
		44FD3C74FA198891BB2A58A3 = {
			isa = PBXFrameworksBuildPhase;
			buildActionMask = 2147483647;
			files = (
				3D929EB7F40869FA1D8B3C0F,
				26A73383889844DE19E17E07,
				74CDE566AFE1ABD2CB13A246,
				CC59D8E67D96E84159DE6A80,
				E8E26BF38AB822F9A3AFA80C,
				641BAC906FF832ED4CAF1862,
				9A1A24991109A92696C5D5C4,
				ACBFE96AE949C1CC17AA4CBA,
				C4340F00E7289B04D694E62C,
				CEDBD5D408356D6C4D683694,
				2C25767198ABB514DE124D1F,
			);
			runOnlyForDeploymentPostprocessing = 0;
		};
		69B8802EBC8AFE884496A0A9 = {
			isa = PBXFrameworksBuildPhase;
			buildActionMask = 2147483647;
			files = (
				3D929EB7F40869FA1D8B3C0F,
				26A73383889844DE19E17E07,
				74CDE566AFE1ABD2CB13A246,
				CC59D8E67D96E84159DE6A80,
				E8E26BF38AB822F9A3AFA80C,
				641BAC906FF832ED4CAF1862,
				9A1A24991109A92696C5D5C4,
				ACBFE96AE949C1CC17AA4CBA,
				C4340F00E7289B04D694E62C,
				CEDBD5D408356D6C4D683694,
				2C25767198ABB514DE124D1F,
			);
			runOnlyForDeploymentPostprocessing = 0;
		};
		F2DAE62B21A62AF19C00CA52 = {
			isa = PBXFrameworksBuildPhase;
			buildActionMask = 2147483647;
			files = (
				637C233D3CE57CE11935C140,
				3D929EB7F40869FA1D8B3C0F,
				26A73383889844DE19E17E07,
				74CDE566AFE1ABD2CB13A246,
				CC59D8E67D96E84159DE6A80,
				E8E26BF38AB822F9A3AFA80C,
				641BAC906FF832ED4CAF1862,
				9A1A24991109A92696C5D5C4,
				ACBFE96AE949C1CC17AA4CBA,
				C4340F00E7289B04D694E62C,
				CEDBD5D408356D6C4D683694,
				2C25767198ABB514DE124D1F,
			);
			runOnlyForDeploymentPostprocessing = 0;
		};
/* End PBXFrameworksBuildPhase section */

/* Begin PBXGroup section */
		0985AEC089220946B5EFA1C3 /* Products */ = {
			isa = PBXGroup;
			children = (
				7C4A245F9D67FFAC3B398EAB,
				D32679E2694E8F1BD9D59A03,
				2ECEBB427C6ADD97E7F22D9F,
				EC08D08E037EB5059A08BF00,
			);
			name = Products;
			sourceTree = "<group>";
		};
		4380F1E5C141FBEF8E1D574C /* Source */ = {
			isa = PBXGroup;
			children = (
				91D4866C3C9B3787C99E2162,
				CBA37CD19D4A356CB672D24E,
				46EF657D022B060631B174EF,
				D88F9F24CED7A642B9BDF576,
				FDBC005D6D817E04E9B07478,
				0985AEC089220946B5EFA1C3,
			);
			name = Source;
			sourceTree = "<group>";
		};
		46EF657D022B060631B174EF /* JUCE Library Code */ = {
			isa = PBXGroup;
			children = (
				E420A574EEFD421AC1D66E48,
				A13CDE94886C397FBE888090,
				288AF7F64D178C0D50521F04,
				E828F71949448CEDC8A48B25,
				3F77973BF57F9AFA5C77666C,
				17524857202AEA3E65D33BE2,
				35933603D7221D41F2F50549,
				BF74721B00544033606BA276,
				E1DE88DA0EEDBA9433C4CC00,
				C3FDC40D847E7DB7A096DA1F,
				E60BA5B3C157720E32398B24,
				54801A37D9FC33857B888A07,
				F234E33F4522A64D49FC31A8,
				8D2934036F7E2814FD3CBE4A,
				361667C6798B8EC27AC03E47,
				19610AA3973D0EF3FB048AD2,
				13CF0C15EA4B7E3C55A286B2,
				80F92BB570972564C5336B48,
				6BCBB0BBEFC954D586A1882F,
				45F95B9B3E706C6E168BD95C,
				4250C4E638FC3A7AB161BC70,
				9369D6D51ABD5D5022EDD508,
				2444500EF7A8B80CE64778F1,
				752ECD53FE922798A0FD6011,
			);
			name = "JUCE Library Code";
			sourceTree = "<group>";
		};
		795D6F29F778B6F127270358 /* Source */ = {
			isa = PBXGroup;
			children = (
				0B4EA74971E5ADFEBFE3E949,
				A072DB6230C752900DD60F1C,
				E685577EFA634B613A10B800,
				92979C56254CACFF6153D0A2,
			);
			name = Source;
			sourceTree = "<group>";
		};
		91D4866C3C9B3787C99E2162 /* LadderFilterBasic */ = {
			isa = PBXGroup;
			children = (
				795D6F29F778B6F127270358,
			);
			name = LadderFilterBasic;
			sourceTree = "<group>";
		};
		CBA37CD19D4A356CB672D24E /* JUCE Modules */ = {
			isa = PBXGroup;
			children = (
				1CB6CEEB27735119FBACFFA7,
				772B64433B979FF11AD1588B,
				9F3FC50730C7E4C655CEF29E,
				38156FBE811A5403F89922CB,
				02EB8A00F137356FCE617E46,
				8A1B6C429921C9648931B1FC,
				B3D83380C9B08B7E9619D0B2,
				F0722A8C0CF11874B1EAFDC8,
				B85F0762F66551FCC467CFB4,
				CF225953CEB542D520976585,
				C155AD10054C034F178C4D74,
				64141D72E25C3C5098FE0EFA,
				B0552B1CF74BB5175A1CFBB7,
			);
			name = "JUCE Modules";
			sourceTree = "<group>";
		};
		D88F9F24CED7A642B9BDF576 /* Resources */ = {
			isa = PBXGroup;
			children = (
				3359381C21EFA219438F32C6,
				F77A4E043F8CA243CF73F00F,
				12863FB3DA75BF1073733325,
				7DB9871E6A31FC7A2DBA9C18,
			);
			name = Resources;
			sourceTree = "<group>";
		};
		FDBC005D6D817E04E9B07478 /* Frameworks */ = {
			isa = PBXGroup;
			children = (
				9B29F8CBD3B8F8E9E1991D89,
				BE78ADEB81A44BF941483CF6,
				65CEC15F48399EAB08571543,
				BD2F1E41FD52492EE49B332C,
				4BDB1C2340069E668139408F,
				073775E6187CD8851BE7861D,
				F2348FFB30B1974D1F778BFC,
				DFEE40E8D5EC69E8969C6650,
				55DFC5099FC491FA17F13932,
				80BC38CF07EF4E3CE3CCCB59,
				CF6CB9C60A92431599DE4DF2,
				59932DFF19FEF03483572686,
			);
			name = Frameworks;
			sourceTree = "<group>";
		};
/* End PBXGroup section */

/* Begin PBXNativeTarget section */
		5DF3C0079CFA86FCBB0E9EC7 /* LadderFilterBasic - Standalone Plugin */ = {
			isa = PBXNativeTarget;
			buildConfigurationList = 6FCE93B4819939E126B19E6E;
			buildPhases = (
				0B6276E9CB5BD2866D89C8CF,
				05B7B5280748DB604717F609,
				69B8802EBC8AFE884496A0A9,
			);
			buildRules = (
			);
			dependencies = (
				5AFAC3416586E9AFDC1BCC1A,
			);
			name = "LadderFilterBasic - Standalone Plugin";
			productName = LadderFilterBasic;
			productReference = 2ECEBB427C6ADD97E7F22D9F;
			productType = "com.apple.product-type.application";
		};
		7B8BC47197A3C02E791CBCB6 /* LadderFilterBasic - AU */ = {
			isa = PBXNativeTarget;
			buildConfigurationList = 01AA16E5DB7416ECD7AEB021;
			buildPhases = (
				FC98CE0FC3002A5CD92A2E64,
				651E06991D0C9AABB6144BA8,
				FDFB37BAC85BC8F7DC1C83D6,
				F2DAE62B21A62AF19C00CA52,
			);
			buildRules = (
			);
			dependencies = (
				9132E8EE15E65C0BABEE41CB,
			);
			name = "LadderFilterBasic - AU";
			productName = LadderFilterBasic;
			productReference = D32679E2694E8F1BD9D59A03;
			productType = "com.apple.product-type.bundle";
		};
		B37CCB8D0823C7AFFE867323 /* LadderFilterBasic - Shared Code */ = {
			isa = PBXNativeTarget;
			buildConfigurationList = 369BCF2508132B1D1E0F0EA2;
			buildPhases = (
				322C121F7D65A8647A8F205A,
			);
			buildRules = (
			);
			dependencies = (
			);
			name = "LadderFilterBasic - Shared Code";
			productName = LadderFilterBasic;
			productReference = EC08D08E037EB5059A08BF00;
			productType = "com.apple.product-type.library.static";
		};
		D335CAB904180C1B56D9E754 /* LadderFilterBasic - VST3 */ = {
			isa = PBXNativeTarget;
			buildConfigurationList = 952F8B59A6B41C936929D1A6;
			buildPhases = (
				E1A981C77AB3653D78850AFB,
				84DFE3283545D3D2369332F7,
				44FD3C74FA198891BB2A58A3,
			);
			buildRules = (
			);
			dependencies = (
				156EE9FF5C7D1019188164B1,
			);
			name = "LadderFilterBasic - VST3";
			productName = LadderFilterBasic;
			productReference = 7C4A245F9D67FFAC3B398EAB;
			productType = "com.apple.product-type.bundle";
		};
/* End PBXNativeTarget section */

/* Begin PBXProject section */
		7D3DB1B29CE74677A693B46A = {
			isa = PBXProject;
			attributes = {
				LastUpgradeCheck = 1340;
				ORGANIZATIONNAME = "Black Martini";
				TargetAttributes = {
					55CB2F7A734EAC5552881C16 = {
						SystemCapabilities = {
							com.apple.ApplicationGroups.iOS = {
								enabled = 0;
							};
							com.apple.HardenedRuntime = {
								enabled = 0;
							};
							com.apple.InAppPurchase = {
								enabled = 0;
							};
							com.apple.InterAppAudio = {
								enabled = 0;
							};
							com.apple.Push = {
								enabled = 0;
							};
							com.apple.Sandbox = {
								enabled = 0;
							};
						};
					};
					5DF3C0079CFA86FCBB0E9EC7 = {
						SystemCapabilities = {
							com.apple.ApplicationGroups.iOS = {
								enabled = 0;
							};
							com.apple.HardenedRuntime = {
								enabled = 0;
							};
							com.apple.InAppPurchase = {
								enabled = 0;
							};
							com.apple.InterAppAudio = {
								enabled = 0;
							};
							com.apple.Push = {
								enabled = 0;
							};
							com.apple.Sandbox = {
								enabled = 0;
							};
						};
					};
					7B8BC47197A3C02E791CBCB6 = {
						SystemCapabilities = {
							com.apple.ApplicationGroups.iOS = {
								enabled = 0;
							};
							com.apple.HardenedRuntime = {
								enabled = 0;
							};
							com.apple.InAppPurchase = {
								enabled = 0;
							};
							com.apple.InterAppAudio = {
								enabled = 0;
							};
							com.apple.Push = {
								enabled = 0;
							};
							com.apple.Sandbox = {
								enabled = 0;
							};
						};
					};
					B37CCB8D0823C7AFFE867323 = {
						SystemCapabilities = {
							com.apple.ApplicationGroups.iOS = {
								enabled = 0;
							};
							com.apple.HardenedRuntime = {
								enabled = 0;
							};
							com.apple.InAppPurchase = {
								enabled = 0;
							};
							com.apple.InterAppAudio = {
								enabled = 0;
							};
							com.apple.Push = {
								enabled = 0;
							};
							com.apple.Sandbox = {
								enabled = 0;
							};
						};
					};
					D335CAB904180C1B56D9E754 = {
						SystemCapabilities = {
							com.apple.ApplicationGroups.iOS = {
								enabled = 0;
							};
							com.apple.HardenedRuntime = {
								enabled = 0;
							};
							com.apple.InAppPurchase = {
								enabled = 0;
							};
							com.apple.InterAppAudio = {
								enabled = 0;
							};
							com.apple.Push = {
								enabled = 0;
							};
							com.apple.Sandbox = {
								enabled = 0;
							};
						};
					};
				};
			};
			buildConfigurationList = 58438EE2551C78B255753CC4;
			compatibilityVersion = "Xcode 3.2";
			hasScannedForEncodings = 0;
			knownRegions = (
				en,
				Base,
			);
			mainGroup = 4380F1E5C141FBEF8E1D574C;
			projectDirPath = "";
			projectRoot = "";
			targets = (
				55CB2F7A734EAC5552881C16,
				D335CAB904180C1B56D9E754,
				7B8BC47197A3C02E791CBCB6,
				5DF3C0079CFA86FCBB0E9EC7,
				B37CCB8D0823C7AFFE867323,
			);
		};
/* End PBXProject section */

/* Begin PBXResourcesBuildPhase section */
		0B6276E9CB5BD2866D89C8CF = {
			isa = PBXResourcesBuildPhase;
			buildActionMask = 2147483647;
			files = (
				9B30AFF22AEBBD48FAEACA75,
			);
			runOnlyForDeploymentPostprocessing = 0;
		};
		E1A981C77AB3653D78850AFB = {
			isa = PBXResourcesBuildPhase;
			buildActionMask = 2147483647;
			files = (
				9B30AFF22AEBBD48FAEACA75,
			);
			runOnlyForDeploymentPostprocessing = 0;
		};
		FC98CE0FC3002A5CD92A2E64 = {
			isa = PBXResourcesBuildPhase;
			buildActionMask = 2147483647;
			files = (
				9B30AFF22AEBBD48FAEACA75,
			);
			runOnlyForDeploymentPostprocessing = 0;
		};
/* End PBXResourcesBuildPhase section */

/* Begin PBXRezBuildPhase section */
		651E06991D0C9AABB6144BA8 = {
			isa = PBXRezBuildPhase;
			buildActionMask = 2147483647;
			files = (
				63C7207FE858866D623D3932,
			);
			runOnlyForDeploymentPostprocessing = 0;
		};
/* End PBXRezBuildPhase section */

/* Begin PBXSourcesBuildPhase section */
		05B7B5280748DB604717F609 = {
			isa = PBXSourcesBuildPhase;
			buildActionMask = 2147483647;
			files = (
				26085FB696C9BB59D93BC414,
			);
			runOnlyForDeploymentPostprocessing = 0;
		};
		322C121F7D65A8647A8F205A = {
			isa = PBXSourcesBuildPhase;
			buildActionMask = 2147483647;
			files = (
				8BA0C4B0808FD86891BA3213,
				4B9B2F56C6146D156DE96B77,
				23B31570867F516ADC432813,
				3BCF1EEE33D6067921104C30,
				EA7D63F7BEF3BC6705BB5CE0,
				E751B881D364F1C0B5191BD7,
				606972EB770B3E14D7F218AD,
				EEADC339C1F49FF77CF10219,
				33A1CC42E0681213E45D38A3,
				8116076D02AD5B8F52E7F08C,
				007D4DF80470DE81FB84B1F1,
				68FD54C22CE5794AEDBD48B3,
				14331E7533A7945A3DF94E70,
				440442B14531BF5AD8E16B35,
				6546FCF03E093A63797C9C1B,
				A4393DBCD22B2876543AA6E9,
				6BC15DCD8D6A6E12F12563FC,
				5FBDD4F0A73155E9A8272171,
				129AAF0B2F763DBCA6D294D7,
			);
			runOnlyForDeploymentPostprocessing = 0;
		};
		84DFE3283545D3D2369332F7 = {
			isa = PBXSourcesBuildPhase;
			buildActionMask = 2147483647;
			files = (
				96AA28A56FD06FA001FEA153,
			);
			runOnlyForDeploymentPostprocessing = 0;
		};
		FDFB37BAC85BC8F7DC1C83D6 = {
			isa = PBXSourcesBuildPhase;
			buildActionMask = 2147483647;
			files = (
				6697D529009BF8D74969068E,
				91D6E440B79ED10719701274,
			);
			runOnlyForDeploymentPostprocessing = 0;
		};
/* End PBXSourcesBuildPhase section */

/* Begin PBXTargetDependency section */
		156EE9FF5C7D1019188164B1 = {
			isa = PBXTargetDependency;
			target = B37CCB8D0823C7AFFE867323;
		};
		444E514F22D20C36D748C327 = {
			isa = PBXTargetDependency;
			target = 5DF3C0079CFA86FCBB0E9EC7;
		};
		4C73690DA32F0183C6778C24 = {
			isa = PBXTargetDependency;
			target = 7B8BC47197A3C02E791CBCB6;
		};
		5AFAC3416586E9AFDC1BCC1A = {
			isa = PBXTargetDependency;
			target = B37CCB8D0823C7AFFE867323;
		};
		5F2A41332A7CFB3683343079 = {
			isa = PBXTargetDependency;
			target = D335CAB904180C1B56D9E754;
		};
		9132E8EE15E65C0BABEE41CB = {
			isa = PBXTargetDependency;
			target = B37CCB8D0823C7AFFE867323;
		};
		C8D3B9EAED3C4B346846DCCC = {
			isa = PBXTargetDependency;
			target = B37CCB8D0823C7AFFE867323;
		};
/* End PBXTargetDependency section */

/* Begin XCBuildConfiguration section */
		167C73D41CA7B1E62DD90318 /* Release */ = {
			isa = XCBuildConfiguration;
			buildSettings = {
				MACOSX_DEPLOYMENT_TARGET = 10.11;
				SDKROOT = macosx;
			};
			name = Release;
		};
		4EDCF9C197F3B6BECB4F65A0 /* Debug */ = {
			isa = XCBuildConfiguration;
			buildSettings = {
				CLANG_CXX_LANGUAGE_STANDARD = "c++14";
				CLANG_CXX_LIBRARY = "libc++";
				CLANG_LINK_OBJC_RUNTIME = NO;
				CODE_SIGN_IDENTITY = "";
				COMBINE_HIDPI_IMAGES = YES;
				CONFIGURATION_BUILD_DIR = "$(PROJECT_DIR)/build/$(CONFIGURATION)";
				COPY_PHASE_STRIP = NO;
				EXCLUDED_ARCHS = "";
				GCC_DYNAMIC_NO_PIC = NO;
				GCC_OPTIMIZATION_LEVEL = 0;
				GCC_PREPROCESSOR_DEFINITIONS = (
					"_DEBUG=1",
					"DEBUG=1",
					"JUCE_DISPLAY_SPLASH_SCREEN=1",
					"JUCE_USE_DARK_SPLASH_SCREEN=1",
					"JUCE_PROJUCER_VERSION=0x70002",
					"JUCE_MODULE_AVAILABLE_juce_audio_basics=1",
					"JUCE_MODULE_AVAILABLE_juce_audio_devices=1",
					"JUCE_MODULE_AVAILABLE_juce_audio_formats=1",
					"JUCE_MODULE_AVAILABLE_juce_audio_plugin_client=1",
					"JUCE_MODULE_AVAILABLE_juce_audio_processors=1",
					"JUCE_MODULE_AVAILABLE_juce_audio_utils=1",
					"JUCE_MODULE_AVAILABLE_juce_core=1",
					"JUCE_MODULE_AVAILABLE_juce_data_structures=1",
					"JUCE_MODULE_AVAILABLE_juce_dsp=1",
					"JUCE_MODULE_AVAILABLE_juce_events=1",
					"JUCE_MODULE_AVAILABLE_juce_graphics=1",
					"JUCE_MODULE_AVAILABLE_juce_gui_basics=1",
					"JUCE_MODULE_AVAILABLE_juce_gui_extra=1",
					"JUCE_GLOBAL_MODULE_SETTINGS_INCLUDED=1",
					"JUCE_VST3_CAN_REPLACE_VST2=0",
					"JUCE_STRICT_REFCOUNTEDPOINTER=1",
					"JucePlugin_Build_VST=0",
					"JucePlugin_Build_VST3=1",
					"JucePlugin_Build_AU=1",
					"JucePlugin_Build_AUv3=0",
					"JucePlugin_Build_AAX=0",
					"JucePlugin_Build_Standalone=1",
					"JucePlugin_Build_Unity=0",
					"JucePlugin_Build_LV2=0",
					"JucePlugin_Enable_IAA=0",
					"JucePlugin_Enable_ARA=0",
					"JucePlugin_Name=\\\"LadderFilterBasic\\\"",
					"JucePlugin_Desc=\\\"LadderFilterBasic\\\"",
					"JucePlugin_Manufacturer=\\\"Black\\ Martini\\\"",
					"JucePlugin_ManufacturerWebsite=\\\"www.BlackMartini.com\\\"",
					"JucePlugin_ManufacturerEmail=\\\"\\\"",
					"JucePlugin_ManufacturerCode=0x4d616e75",
					"JucePlugin_PluginCode=0x44733264",
					"JucePlugin_IsSynth=0",
					"JucePlugin_WantsMidiInput=0",
					"JucePlugin_ProducesMidiOutput=0",
					"JucePlugin_IsMidiEffect=0",
					"JucePlugin_EditorRequiresKeyboardFocus=0",
					"JucePlugin_Version=1.0.0",
					"JucePlugin_VersionCode=0x10000",
					"JucePlugin_VersionString=\\\"1.0.0\\\"",
					"JucePlugin_VSTUniqueID=JucePlugin_PluginCode",
					"JucePlugin_VSTCategory=kPlugCategEffect",
					"JucePlugin_Vst3Category=\\\"Fx|EQ\\\"",
					"JucePlugin_AUMainType=\\'aufx\\'",
					"JucePlugin_AUSubType=JucePlugin_PluginCode",
					"JucePlugin_AUExportPrefix=LadderFilterBasicAU",
					"JucePlugin_AUExportPrefixQuoted=\\\"LadderFilterBasicAU\\\"",
					"JucePlugin_AUManufacturerCode=JucePlugin_ManufacturerCode",
					"JucePlugin_CFBundleIdentifier=com.BlackMartini.LadderFilterBasic",
					"JucePlugin_AAXIdentifier=com.BlackMartini.LadderFilterBasic",
					"JucePlugin_AAXManufacturerCode=JucePlugin_ManufacturerCode",
					"JucePlugin_AAXProductId=JucePlugin_PluginCode",
					"JucePlugin_AAXCategory=0",
					"JucePlugin_AAXDisableBypass=0",
					"JucePlugin_AAXDisableMultiMono=0",
					"JucePlugin_IAAType=0x61757278",
					"JucePlugin_IAASubType=JucePlugin_PluginCode",
					"JucePlugin_IAAName=\\\"Black\\ Martini:\\ LadderFilterBasic\\\"",
					"JucePlugin_VSTNumMidiInputs=16",
					"JucePlugin_VSTNumMidiOutputs=16",
					"JucePlugin_ARAContentTypes=0",
					"JucePlugin_ARATransformationFlags=0",
					"JucePlugin_ARAFactoryID=\\\"com.BlackMartini.LadderFilterBasic.factory\\\"",
					"JucePlugin_ARADocumentArchiveID=\\\"com.BlackMartini.LadderFilterBasic.aradocumentarchive.1.0.0\\\"",
					"JucePlugin_ARACompatibleArchiveIDs=\\\"\\\"",
					"JUCE_STANDALONE_APPLICATION=JucePlugin_Build_Standalone",
					"JUCER_XCODE_MAC_F6D2F4CF=1",
					"JUCE_APP_VERSION=1.0.0",
					"JUCE_APP_VERSION_HEX=0x10000",
					"JUCE_SHARED_CODE=1",
				);
				GCC_VERSION = com.apple.compilers.llvm.clang.1_0;
				HEADER_SEARCH_PATHS = (
					"/Applications/JUCE/modules/juce_audio_processors/format_types/VST3_SDK",
					"$(SRCROOT)/../../JuceLibraryCode",
					"/Applications/JUCE/modules",
					"/Applications/JUCE/modules/juce_audio_plugin_client",
					"$(inherited)",
				);
				INSTALL_PATH = "@executable_path/../Frameworks";
				MACOSX_DEPLOYMENT_TARGET = 10.11;
				MTL_HEADER_SEARCH_PATHS = "/Applications/JUCE/modules/juce_audio_processors/format_types/VST3_SDK $(SRCROOT)/../../JuceLibraryCode /Applications/JUCE/modules /Applications/JUCE/modules/juce_audio_plugin_client";
				OTHER_LDFLAGS = "-weak_framework Metal -weak_framework MetalKit";
				PRODUCT_BUNDLE_IDENTIFIER = com.BlackMartini.LadderFilterBasic;
				PRODUCT_NAME = "LadderFilterBasic";
				SKIP_INSTALL = YES;
				USE_HEADERMAP = NO;
				VALID_ARCHS = "i386 x86_64 arm64 arm64e";
			};
			name = Debug;
		};
		53716DDDE6E151E5AA5E0EF9 /* Debug */ = {
			isa = XCBuildConfiguration;
			buildSettings = {
				CLANG_CXX_LANGUAGE_STANDARD = "c++14";
				CLANG_CXX_LIBRARY = "libc++";
				CLANG_LINK_OBJC_RUNTIME = NO;
				CODE_SIGN_IDENTITY = "";
				COMBINE_HIDPI_IMAGES = YES;
				CONFIGURATION_BUILD_DIR = "$(PROJECT_DIR)/build/$(CONFIGURATION)";
				COPY_PHASE_STRIP = NO;
				EXCLUDED_ARCHS = "";
				GCC_DYNAMIC_NO_PIC = NO;
				GCC_OPTIMIZATION_LEVEL = 0;
				GCC_PREPROCESSOR_DEFINITIONS = (
					"_DEBUG=1",
					"DEBUG=1",
					"JUCE_DISPLAY_SPLASH_SCREEN=1",
					"JUCE_USE_DARK_SPLASH_SCREEN=1",
					"JUCE_PROJUCER_VERSION=0x70002",
					"JUCE_MODULE_AVAILABLE_juce_audio_basics=1",
					"JUCE_MODULE_AVAILABLE_juce_audio_devices=1",
					"JUCE_MODULE_AVAILABLE_juce_audio_formats=1",
					"JUCE_MODULE_AVAILABLE_juce_audio_plugin_client=1",
					"JUCE_MODULE_AVAILABLE_juce_audio_processors=1",
					"JUCE_MODULE_AVAILABLE_juce_audio_utils=1",
					"JUCE_MODULE_AVAILABLE_juce_core=1",
					"JUCE_MODULE_AVAILABLE_juce_data_structures=1",
					"JUCE_MODULE_AVAILABLE_juce_dsp=1",
					"JUCE_MODULE_AVAILABLE_juce_events=1",
					"JUCE_MODULE_AVAILABLE_juce_graphics=1",
					"JUCE_MODULE_AVAILABLE_juce_gui_basics=1",
					"JUCE_MODULE_AVAILABLE_juce_gui_extra=1",
					"JUCE_GLOBAL_MODULE_SETTINGS_INCLUDED=1",
					"JUCE_VST3_CAN_REPLACE_VST2=0",
					"JUCE_STRICT_REFCOUNTEDPOINTER=1",
					"JucePlugin_Build_VST=0",
					"JucePlugin_Build_VST3=0",
					"JucePlugin_Build_AU=0",
					"JucePlugin_Build_AUv3=0",
					"JucePlugin_Build_AAX=0",
					"JucePlugin_Build_Standalone=1",
					"JucePlugin_Build_Unity=0",
					"JucePlugin_Build_LV2=0",
					"JucePlugin_Enable_IAA=0",
					"JucePlugin_Enable_ARA=0",
					"JucePlugin_Name=\\\"LadderFilterBasic\\\"",
					"JucePlugin_Desc=\\\"LadderFilterBasic\\\"",
					"JucePlugin_Manufacturer=\\\"Black\\ Martini\\\"",
					"JucePlugin_ManufacturerWebsite=\\\"www.BlackMartini.com\\\"",
					"JucePlugin_ManufacturerEmail=\\\"\\\"",
					"JucePlugin_ManufacturerCode=0x4d616e75",
					"JucePlugin_PluginCode=0x44733264",
					"JucePlugin_IsSynth=0",
					"JucePlugin_WantsMidiInput=0",
					"JucePlugin_ProducesMidiOutput=0",
					"JucePlugin_IsMidiEffect=0",
					"JucePlugin_EditorRequiresKeyboardFocus=0",
					"JucePlugin_Version=1.0.0",
					"JucePlugin_VersionCode=0x10000",
					"JucePlugin_VersionString=\\\"1.0.0\\\"",
					"JucePlugin_VSTUniqueID=JucePlugin_PluginCode",
					"JucePlugin_VSTCategory=kPlugCategEffect",
					"JucePlugin_Vst3Category=\\\"Fx|EQ\\\"",
					"JucePlugin_AUMainType=\\'aufx\\'",
					"JucePlugin_AUSubType=JucePlugin_PluginCode",
					"JucePlugin_AUExportPrefix=LadderFilterBasicAU",
					"JucePlugin_AUExportPrefixQuoted=\\\"LadderFilterBasicAU\\\"",
					"JucePlugin_AUManufacturerCode=JucePlugin_ManufacturerCode",
					"JucePlugin_CFBundleIdentifier=com.BlackMartini.LadderFilterBasic",
					"JucePlugin_AAXIdentifier=com.BlackMartini.LadderFilterBasic",
					"JucePlugin_AAXManufacturerCode=JucePlugin_ManufacturerCode",
					"JucePlugin_AAXProductId=JucePlugin_PluginCode",
					"JucePlugin_AAXCategory=0",
					"JucePlugin_AAXDisableBypass=0",
					"JucePlugin_AAXDisableMultiMono=0",
					"JucePlugin_IAAType=0x61757278",
					"JucePlugin_IAASubType=JucePlugin_PluginCode",
					"JucePlugin_IAAName=\\\"Black\\ Martini:\\ LadderFilterBasic\\\"",
					"JucePlugin_VSTNumMidiInputs=16",
					"JucePlugin_VSTNumMidiOutputs=16",
					"JucePlugin_ARAContentTypes=0",
					"JucePlugin_ARATransformationFlags=0",
					"JucePlugin_ARAFactoryID=\\\"com.BlackMartini.LadderFilterBasic.factory\\\"",
					"JucePlugin_ARADocumentArchiveID=\\\"com.BlackMartini.LadderFilterBasic.aradocumentarchive.1.0.0\\\"",
					"JucePlugin_ARACompatibleArchiveIDs=\\\"\\\"",
					"JUCE_STANDALONE_APPLICATION=JucePlugin_Build_Standalone",
					"JUCER_XCODE_MAC_F6D2F4CF=1",
					"JUCE_APP_VERSION=1.0.0",
					"JUCE_APP_VERSION_HEX=0x10000",
				);
				GCC_VERSION = com.apple.compilers.llvm.clang.1_0;
				HEADER_SEARCH_PATHS = (
					"/Applications/JUCE/modules/juce_audio_processors/format_types/VST3_SDK",
					"$(SRCROOT)/../../JuceLibraryCode",
					"/Applications/JUCE/modules",
					"/Applications/JUCE/modules/juce_audio_plugin_client",
					"$(inherited)",
				);
				INFOPLIST_FILE = Info-Standalone_Plugin.plist;
				INFOPLIST_PREPROCESS = NO;
				MACOSX_DEPLOYMENT_TARGET = 10.11;
				MTL_HEADER_SEARCH_PATHS = "/Applications/JUCE/modules/juce_audio_processors/format_types/VST3_SDK $(SRCROOT)/../../JuceLibraryCode /Applications/JUCE/modules /Applications/JUCE/modules/juce_audio_plugin_client";
				OTHER_LDFLAGS = "-lLadderFilterBasic -weak_framework Metal -weak_framework MetalKit";
				PRODUCT_BUNDLE_IDENTIFIER = com.BlackMartini.LadderFilterBasic;
				PRODUCT_NAME = "LadderFilterBasic";
				USE_HEADERMAP = NO;
				VALID_ARCHS = "i386 x86_64 arm64 arm64e";
			};
			name = Debug;
		};
		729CD85E046C4A248CCB9440 /* Debug */ = {
			isa = XCBuildConfiguration;
			buildSettings = {
				CLANG_CXX_LANGUAGE_STANDARD = "c++14";
				CLANG_CXX_LIBRARY = "libc++";
				CLANG_LINK_OBJC_RUNTIME = NO;
				CODE_SIGN_IDENTITY = "";
				COMBINE_HIDPI_IMAGES = YES;
				CONFIGURATION_BUILD_DIR = "$(PROJECT_DIR)/build/$(CONFIGURATION)";
				COPY_PHASE_STRIP = NO;
				DEPLOYMENT_LOCATION = YES;
				DSTROOT = /;
				EXCLUDED_ARCHS = "";
				GCC_DYNAMIC_NO_PIC = NO;
				GCC_OPTIMIZATION_LEVEL = 0;
				GCC_PREPROCESSOR_DEFINITIONS = (
					"_DEBUG=1",
					"DEBUG=1",
					"JUCE_DISPLAY_SPLASH_SCREEN=1",
					"JUCE_USE_DARK_SPLASH_SCREEN=1",
					"JUCE_PROJUCER_VERSION=0x70002",
					"JUCE_MODULE_AVAILABLE_juce_audio_basics=1",
					"JUCE_MODULE_AVAILABLE_juce_audio_devices=1",
					"JUCE_MODULE_AVAILABLE_juce_audio_formats=1",
					"JUCE_MODULE_AVAILABLE_juce_audio_plugin_client=1",
					"JUCE_MODULE_AVAILABLE_juce_audio_processors=1",
					"JUCE_MODULE_AVAILABLE_juce_audio_utils=1",
					"JUCE_MODULE_AVAILABLE_juce_core=1",
					"JUCE_MODULE_AVAILABLE_juce_data_structures=1",
					"JUCE_MODULE_AVAILABLE_juce_dsp=1",
					"JUCE_MODULE_AVAILABLE_juce_events=1",
					"JUCE_MODULE_AVAILABLE_juce_graphics=1",
					"JUCE_MODULE_AVAILABLE_juce_gui_basics=1",
					"JUCE_MODULE_AVAILABLE_juce_gui_extra=1",
					"JUCE_GLOBAL_MODULE_SETTINGS_INCLUDED=1",
					"JUCE_VST3_CAN_REPLACE_VST2=0",
					"JUCE_STRICT_REFCOUNTEDPOINTER=1",
					"JucePlugin_Build_VST=0",
					"JucePlugin_Build_VST3=0",
					"JucePlugin_Build_AU=1",
					"JucePlugin_Build_AUv3=0",
					"JucePlugin_Build_AAX=0",
					"JucePlugin_Build_Standalone=0",
					"JucePlugin_Build_Unity=0",
					"JucePlugin_Build_LV2=0",
					"JucePlugin_Enable_IAA=0",
					"JucePlugin_Enable_ARA=0",
					"JucePlugin_Name=\\\"LadderFilterBasic\\\"",
					"JucePlugin_Desc=\\\"LadderFilterBasic\\\"",
					"JucePlugin_Manufacturer=\\\"Black\\ Martini\\\"",
					"JucePlugin_ManufacturerWebsite=\\\"www.BlackMartini.com\\\"",
					"JucePlugin_ManufacturerEmail=\\\"\\\"",
					"JucePlugin_ManufacturerCode=0x4d616e75",
					"JucePlugin_PluginCode=0x44733264",
					"JucePlugin_IsSynth=0",
					"JucePlugin_WantsMidiInput=0",
					"JucePlugin_ProducesMidiOutput=0",
					"JucePlugin_IsMidiEffect=0",
					"JucePlugin_EditorRequiresKeyboardFocus=0",
					"JucePlugin_Version=1.0.0",
					"JucePlugin_VersionCode=0x10000",
					"JucePlugin_VersionString=\\\"1.0.0\\\"",
					"JucePlugin_VSTUniqueID=JucePlugin_PluginCode",
					"JucePlugin_VSTCategory=kPlugCategEffect",
					"JucePlugin_Vst3Category=\\\"Fx|EQ\\\"",
					"JucePlugin_AUMainType=\\'aufx\\'",
					"JucePlugin_AUSubType=JucePlugin_PluginCode",
					"JucePlugin_AUExportPrefix=LadderFilterBasicAU",
					"JucePlugin_AUExportPrefixQuoted=\\\"LadderFilterBasicAU\\\"",
					"JucePlugin_AUManufacturerCode=JucePlugin_ManufacturerCode",
					"JucePlugin_CFBundleIdentifier=com.BlackMartini.LadderFilterBasic",
					"JucePlugin_AAXIdentifier=com.BlackMartini.LadderFilterBasic",
					"JucePlugin_AAXManufacturerCode=JucePlugin_ManufacturerCode",
					"JucePlugin_AAXProductId=JucePlugin_PluginCode",
					"JucePlugin_AAXCategory=0",
					"JucePlugin_AAXDisableBypass=0",
					"JucePlugin_AAXDisableMultiMono=0",
					"JucePlugin_IAAType=0x61757278",
					"JucePlugin_IAASubType=JucePlugin_PluginCode",
					"JucePlugin_IAAName=\\\"Black\\ Martini:\\ LadderFilterBasic\\\"",
					"JucePlugin_VSTNumMidiInputs=16",
					"JucePlugin_VSTNumMidiOutputs=16",
					"JucePlugin_ARAContentTypes=0",
					"JucePlugin_ARATransformationFlags=0",
					"JucePlugin_ARAFactoryID=\\\"com.BlackMartini.LadderFilterBasic.factory\\\"",
					"JucePlugin_ARADocumentArchiveID=\\\"com.BlackMartini.LadderFilterBasic.aradocumentarchive.1.0.0\\\"",
					"JucePlugin_ARACompatibleArchiveIDs=\\\"\\\"",
					"JUCE_STANDALONE_APPLICATION=JucePlugin_Build_Standalone",
					"JUCER_XCODE_MAC_F6D2F4CF=1",
					"JUCE_APP_VERSION=1.0.0",
					"JUCE_APP_VERSION_HEX=0x10000",
				);
				GCC_VERSION = com.apple.compilers.llvm.clang.1_0;
				GENERATE_PKGINFO_FILE = YES;
				HEADER_SEARCH_PATHS = (
					"/Applications/JUCE/modules/juce_audio_processors/format_types/VST3_SDK",
					"$(SRCROOT)/../../JuceLibraryCode",
					"/Applications/JUCE/modules",
					"/Applications/JUCE/modules/juce_audio_plugin_client",
					"$(inherited)",
				);
				INFOPLIST_FILE = Info-AU.plist;
				INFOPLIST_PREPROCESS = NO;
				INSTALL_PATH = "$(HOME)/Library/Audio/Plug-Ins/Components/";
				LIBRARY_STYLE = Bundle;
				MACOSX_DEPLOYMENT_TARGET = 10.11;
				MTL_HEADER_SEARCH_PATHS = "/Applications/JUCE/modules/juce_audio_processors/format_types/VST3_SDK $(SRCROOT)/../../JuceLibraryCode /Applications/JUCE/modules /Applications/JUCE/modules/juce_audio_plugin_client";
				OTHER_LDFLAGS = "-bundle -lLadderFilterBasic -weak_framework Metal -weak_framework MetalKit";
				OTHER_REZFLAGS = "-d ppc_$ppc -d i386_$i386 -d ppc64_$ppc64 -d x86_64_$x86_64 -d arm64_$arm64 -I /System/Library/Frameworks/CoreServices.framework/Frameworks/CarbonCore.framework/Versions/A/Headers -I \"$(DEVELOPER_DIR)/Extras/CoreAudio/AudioUnits/AUPublic/AUBase\" -I \"$(DEVELOPER_DIR)/Platforms/MacOSX.platform/Developer/SDKs/MacOSX.sdk/System/Library/Frameworks/AudioUnit.framework/Headers\"";
				PRODUCT_BUNDLE_IDENTIFIER = com.BlackMartini.LadderFilterBasic;
				PRODUCT_NAME = "LadderFilterBasic";
				USE_HEADERMAP = NO;
				VALID_ARCHS = "i386 x86_64 arm64 arm64e";
				WRAPPER_EXTENSION = component;
			};
			name = Debug;
		};
		72A4D9A1D0CCB217A7A816A5 /* Debug */ = {
			isa = XCBuildConfiguration;
			buildSettings = {
				ALWAYS_SEARCH_USER_PATHS = NO;
				CLANG_ENABLE_OBJC_WEAK = YES;
				CLANG_WARN_BLOCK_CAPTURE_AUTORELEASING = YES;
				CLANG_WARN_BOOL_CONVERSION = YES;
				CLANG_WARN_COMMA = YES;
				CLANG_WARN_CONSTANT_CONVERSION = YES;
				CLANG_WARN_DEPRECATED_OBJC_IMPLEMENTATIONS = YES;
				CLANG_WARN_EMPTY_BODY = YES;
				CLANG_WARN_ENUM_CONVERSION = YES;
				CLANG_WARN_INFINITE_RECURSION = YES;
				CLANG_WARN_INT_CONVERSION = YES;
				CLANG_WARN_NON_LITERAL_NULL_CONVERSION = YES;
				CLANG_WARN_OBJC_IMPLICIT_RETAIN_SELF = YES;
				CLANG_WARN_OBJC_LITERAL_CONVERSION = YES;
				CLANG_WARN_RANGE_LOOP_ANALYSIS = YES;
				CLANG_WARN_STRICT_PROTOTYPES = YES;
				CLANG_WARN_SUSPICIOUS_MOVE = YES;
				CLANG_WARN_UNREACHABLE_CODE = YES;
				CLANG_WARN__DUPLICATE_METHOD_MATCH = YES;
				CODE_SIGN_IDENTITY = "";
				DEBUG_INFORMATION_FORMAT = dwarf;
				ENABLE_STRICT_OBJC_MSGSEND = YES;
				ENABLE_TESTABILITY = NO;
				GCC_C_LANGUAGE_STANDARD = c11;
				GCC_INLINES_ARE_PRIVATE_EXTERN = YES;
				GCC_MODEL_TUNING = G5;
				GCC_NO_COMMON_BLOCKS = YES;
				GCC_SYMBOLS_PRIVATE_EXTERN = YES;
				GCC_WARN_64_TO_32_BIT_CONVERSION = YES;
				GCC_WARN_ABOUT_RETURN_TYPE = YES;
				GCC_WARN_CHECK_SWITCH_STATEMENTS = YES;
				GCC_WARN_MISSING_PARENTHESES = YES;
				GCC_WARN_NON_VIRTUAL_DESTRUCTOR = YES;
				GCC_WARN_TYPECHECK_CALLS_TO_PRINTF = YES;
				GCC_WARN_UNDECLARED_SELECTOR = YES;
				GCC_WARN_UNINITIALIZED_AUTOS = YES;
				GCC_WARN_UNUSED_FUNCTION = YES;
				GCC_WARN_UNUSED_VARIABLE = YES;
				ONLY_ACTIVE_ARCH = YES;
				PRODUCT_NAME = "LadderFilterBasic";
				SDKROOT = macosx;
				WARNING_CFLAGS = "-Wreorder";
				ZERO_LINK = NO;
			};
			name = Debug;
		};
		9D08C75ED623CD605174C09F /* Release */ = {
			isa = XCBuildConfiguration;
			buildSettings = {
				ALWAYS_SEARCH_USER_PATHS = NO;
				CLANG_ENABLE_OBJC_WEAK = YES;
				CLANG_WARN_BLOCK_CAPTURE_AUTORELEASING = YES;
				CLANG_WARN_BOOL_CONVERSION = YES;
				CLANG_WARN_COMMA = YES;
				CLANG_WARN_CONSTANT_CONVERSION = YES;
				CLANG_WARN_DEPRECATED_OBJC_IMPLEMENTATIONS = YES;
				CLANG_WARN_EMPTY_BODY = YES;
				CLANG_WARN_ENUM_CONVERSION = YES;
				CLANG_WARN_INFINITE_RECURSION = YES;
				CLANG_WARN_INT_CONVERSION = YES;
				CLANG_WARN_NON_LITERAL_NULL_CONVERSION = YES;
				CLANG_WARN_OBJC_IMPLICIT_RETAIN_SELF = YES;
				CLANG_WARN_OBJC_LITERAL_CONVERSION = YES;
				CLANG_WARN_RANGE_LOOP_ANALYSIS = YES;
				CLANG_WARN_STRICT_PROTOTYPES = YES;
				CLANG_WARN_SUSPICIOUS_MOVE = YES;
				CLANG_WARN_UNREACHABLE_CODE = YES;
				CLANG_WARN__DUPLICATE_METHOD_MATCH = YES;
				CODE_SIGN_IDENTITY = "";
				DEBUG_INFORMATION_FORMAT = dwarf;
				ENABLE_STRICT_OBJC_MSGSEND = YES;
				ENABLE_TESTABILITY = NO;
				GCC_C_LANGUAGE_STANDARD = c11;
				GCC_INLINES_ARE_PRIVATE_EXTERN = YES;
				GCC_MODEL_TUNING = G5;
				GCC_NO_COMMON_BLOCKS = YES;
				GCC_SYMBOLS_PRIVATE_EXTERN = YES;
				GCC_WARN_64_TO_32_BIT_CONVERSION = YES;
				GCC_WARN_ABOUT_RETURN_TYPE = YES;
				GCC_WARN_CHECK_SWITCH_STATEMENTS = YES;
				GCC_WARN_MISSING_PARENTHESES = YES;
				GCC_WARN_NON_VIRTUAL_DESTRUCTOR = YES;
				GCC_WARN_TYPECHECK_CALLS_TO_PRINTF = YES;
				GCC_WARN_UNDECLARED_SELECTOR = YES;
				GCC_WARN_UNINITIALIZED_AUTOS = YES;
				GCC_WARN_UNUSED_FUNCTION = YES;
				GCC_WARN_UNUSED_VARIABLE = YES;
				PRODUCT_NAME = "LadderFilterBasic";
				SDKROOT = macosx;
				WARNING_CFLAGS = "-Wreorder";
				ZERO_LINK = NO;
			};
			name = Release;
		};
		9DF372537706481F7AB911D5 /* Release */ = {
			isa = XCBuildConfiguration;
			buildSettings = {
				CLANG_CXX_LANGUAGE_STANDARD = "c++14";
				CLANG_CXX_LIBRARY = "libc++";
				CLANG_LINK_OBJC_RUNTIME = NO;
				CODE_SIGN_IDENTITY = "";
				COMBINE_HIDPI_IMAGES = YES;
				CONFIGURATION_BUILD_DIR = "$(PROJECT_DIR)/build/$(CONFIGURATION)";
				DEAD_CODE_STRIPPING = YES;
				EXCLUDED_ARCHS = "";
				GCC_GENERATE_DEBUGGING_SYMBOLS = NO;
				GCC_OPTIMIZATION_LEVEL = 3;
				GCC_PREPROCESSOR_DEFINITIONS = (
					"_NDEBUG=1",
					"NDEBUG=1",
					"JUCE_DISPLAY_SPLASH_SCREEN=1",
					"JUCE_USE_DARK_SPLASH_SCREEN=1",
					"JUCE_PROJUCER_VERSION=0x70002",
					"JUCE_MODULE_AVAILABLE_juce_audio_basics=1",
					"JUCE_MODULE_AVAILABLE_juce_audio_devices=1",
					"JUCE_MODULE_AVAILABLE_juce_audio_formats=1",
					"JUCE_MODULE_AVAILABLE_juce_audio_plugin_client=1",
					"JUCE_MODULE_AVAILABLE_juce_audio_processors=1",
					"JUCE_MODULE_AVAILABLE_juce_audio_utils=1",
					"JUCE_MODULE_AVAILABLE_juce_core=1",
					"JUCE_MODULE_AVAILABLE_juce_data_structures=1",
					"JUCE_MODULE_AVAILABLE_juce_dsp=1",
					"JUCE_MODULE_AVAILABLE_juce_events=1",
					"JUCE_MODULE_AVAILABLE_juce_graphics=1",
					"JUCE_MODULE_AVAILABLE_juce_gui_basics=1",
					"JUCE_MODULE_AVAILABLE_juce_gui_extra=1",
					"JUCE_GLOBAL_MODULE_SETTINGS_INCLUDED=1",
					"JUCE_VST3_CAN_REPLACE_VST2=0",
					"JUCE_STRICT_REFCOUNTEDPOINTER=1",
					"JucePlugin_Build_VST=0",
					"JucePlugin_Build_VST3=0",
					"JucePlugin_Build_AU=0",
					"JucePlugin_Build_AUv3=0",
					"JucePlugin_Build_AAX=0",
					"JucePlugin_Build_Standalone=1",
					"JucePlugin_Build_Unity=0",
					"JucePlugin_Build_LV2=0",
					"JucePlugin_Enable_IAA=0",
					"JucePlugin_Enable_ARA=0",
					"JucePlugin_Name=\\\"LadderFilterBasic\\\"",
					"JucePlugin_Desc=\\\"LadderFilterBasic\\\"",
					"JucePlugin_Manufacturer=\\\"Black\\ Martini\\\"",
					"JucePlugin_ManufacturerWebsite=\\\"www.BlackMartini.com\\\"",
					"JucePlugin_ManufacturerEmail=\\\"\\\"",
					"JucePlugin_ManufacturerCode=0x4d616e75",
					"JucePlugin_PluginCode=0x44733264",
					"JucePlugin_IsSynth=0",
					"JucePlugin_WantsMidiInput=0",
					"JucePlugin_ProducesMidiOutput=0",
					"JucePlugin_IsMidiEffect=0",
					"JucePlugin_EditorRequiresKeyboardFocus=0",
					"JucePlugin_Version=1.0.0",
					"JucePlugin_VersionCode=0x10000",
					"JucePlugin_VersionString=\\\"1.0.0\\\"",
					"JucePlugin_VSTUniqueID=JucePlugin_PluginCode",
					"JucePlugin_VSTCategory=kPlugCategEffect",
					"JucePlugin_Vst3Category=\\\"Fx|EQ\\\"",
					"JucePlugin_AUMainType=\\'aufx\\'",
					"JucePlugin_AUSubType=JucePlugin_PluginCode",
					"JucePlugin_AUExportPrefix=LadderFilterBasicAU",
					"JucePlugin_AUExportPrefixQuoted=\\\"LadderFilterBasicAU\\\"",
					"JucePlugin_AUManufacturerCode=JucePlugin_ManufacturerCode",
					"JucePlugin_CFBundleIdentifier=com.BlackMartini.LadderFilterBasic",
					"JucePlugin_AAXIdentifier=com.BlackMartini.LadderFilterBasic",
					"JucePlugin_AAXManufacturerCode=JucePlugin_ManufacturerCode",
					"JucePlugin_AAXProductId=JucePlugin_PluginCode",
					"JucePlugin_AAXCategory=0",
					"JucePlugin_AAXDisableBypass=0",
					"JucePlugin_AAXDisableMultiMono=0",
					"JucePlugin_IAAType=0x61757278",
					"JucePlugin_IAASubType=JucePlugin_PluginCode",
					"JucePlugin_IAAName=\\\"Black\\ Martini:\\ LadderFilterBasic\\\"",
					"JucePlugin_VSTNumMidiInputs=16",
					"JucePlugin_VSTNumMidiOutputs=16",
					"JucePlugin_ARAContentTypes=0",
					"JucePlugin_ARATransformationFlags=0",
					"JucePlugin_ARAFactoryID=\\\"com.BlackMartini.LadderFilterBasic.factory\\\"",
					"JucePlugin_ARADocumentArchiveID=\\\"com.BlackMartini.LadderFilterBasic.aradocumentarchive.1.0.0\\\"",
					"JucePlugin_ARACompatibleArchiveIDs=\\\"\\\"",
					"JUCE_STANDALONE_APPLICATION=JucePlugin_Build_Standalone",
					"JUCER_XCODE_MAC_F6D2F4CF=1",
					"JUCE_APP_VERSION=1.0.0",
					"JUCE_APP_VERSION_HEX=0x10000",
				);
				GCC_VERSION = com.apple.compilers.llvm.clang.1_0;
				HEADER_SEARCH_PATHS = (
					"/Applications/JUCE/modules/juce_audio_processors/format_types/VST3_SDK",
					"$(SRCROOT)/../../JuceLibraryCode",
					"/Applications/JUCE/modules",
					"/Applications/JUCE/modules/juce_audio_plugin_client",
					"$(inherited)",
				);
				INFOPLIST_FILE = Info-Standalone_Plugin.plist;
				INFOPLIST_PREPROCESS = NO;
				LLVM_LTO = YES;
				MACOSX_DEPLOYMENT_TARGET = 10.11;
				MTL_HEADER_SEARCH_PATHS = "/Applications/JUCE/modules/juce_audio_processors/format_types/VST3_SDK $(SRCROOT)/../../JuceLibraryCode /Applications/JUCE/modules /Applications/JUCE/modules/juce_audio_plugin_client";
				OTHER_LDFLAGS = "-lLadderFilterBasic -weak_framework Metal -weak_framework MetalKit";
				PRODUCT_BUNDLE_IDENTIFIER = com.BlackMartini.LadderFilterBasic;
				PRODUCT_NAME = "LadderFilterBasic";
				USE_HEADERMAP = NO;
				VALID_ARCHS = "i386 x86_64 arm64 arm64e";
			};
			name = Release;
		};
		A3C7A5B0A43800ABEB937082 /* Release */ = {
			isa = XCBuildConfiguration;
			buildSettings = {
				CLANG_CXX_LANGUAGE_STANDARD = "c++14";
				CLANG_CXX_LIBRARY = "libc++";
				CLANG_LINK_OBJC_RUNTIME = NO;
				CODE_SIGN_IDENTITY = "";
				COMBINE_HIDPI_IMAGES = YES;
				CONFIGURATION_BUILD_DIR = "$(PROJECT_DIR)/build/$(CONFIGURATION)";
				DEAD_CODE_STRIPPING = YES;
				DEPLOYMENT_LOCATION = YES;
				DSTROOT = /;
				EXCLUDED_ARCHS = "";
				GCC_GENERATE_DEBUGGING_SYMBOLS = NO;
				GCC_OPTIMIZATION_LEVEL = 3;
				GCC_PREPROCESSOR_DEFINITIONS = (
					"_NDEBUG=1",
					"NDEBUG=1",
					"JUCE_DISPLAY_SPLASH_SCREEN=1",
					"JUCE_USE_DARK_SPLASH_SCREEN=1",
					"JUCE_PROJUCER_VERSION=0x70002",
					"JUCE_MODULE_AVAILABLE_juce_audio_basics=1",
					"JUCE_MODULE_AVAILABLE_juce_audio_devices=1",
					"JUCE_MODULE_AVAILABLE_juce_audio_formats=1",
					"JUCE_MODULE_AVAILABLE_juce_audio_plugin_client=1",
					"JUCE_MODULE_AVAILABLE_juce_audio_processors=1",
					"JUCE_MODULE_AVAILABLE_juce_audio_utils=1",
					"JUCE_MODULE_AVAILABLE_juce_core=1",
					"JUCE_MODULE_AVAILABLE_juce_data_structures=1",
					"JUCE_MODULE_AVAILABLE_juce_dsp=1",
					"JUCE_MODULE_AVAILABLE_juce_events=1",
					"JUCE_MODULE_AVAILABLE_juce_graphics=1",
					"JUCE_MODULE_AVAILABLE_juce_gui_basics=1",
					"JUCE_MODULE_AVAILABLE_juce_gui_extra=1",
					"JUCE_GLOBAL_MODULE_SETTINGS_INCLUDED=1",
					"JUCE_VST3_CAN_REPLACE_VST2=0",
					"JUCE_STRICT_REFCOUNTEDPOINTER=1",
					"JucePlugin_Build_VST=0",
					"JucePlugin_Build_VST3=1",
					"JucePlugin_Build_AU=0",
					"JucePlugin_Build_AUv3=0",
					"JucePlugin_Build_AAX=0",
					"JucePlugin_Build_Standalone=0",
					"JucePlugin_Build_Unity=0",
					"JucePlugin_Build_LV2=0",
					"JucePlugin_Enable_IAA=0",
					"JucePlugin_Enable_ARA=0",
					"JucePlugin_Name=\\\"LadderFilterBasic\\\"",
					"JucePlugin_Desc=\\\"LadderFilterBasic\\\"",
					"JucePlugin_Manufacturer=\\\"Black\\ Martini\\\"",
					"JucePlugin_ManufacturerWebsite=\\\"www.BlackMartini.com\\\"",
					"JucePlugin_ManufacturerEmail=\\\"\\\"",
					"JucePlugin_ManufacturerCode=0x4d616e75",
					"JucePlugin_PluginCode=0x44733264",
					"JucePlugin_IsSynth=0",
					"JucePlugin_WantsMidiInput=0",
					"JucePlugin_ProducesMidiOutput=0",
					"JucePlugin_IsMidiEffect=0",
					"JucePlugin_EditorRequiresKeyboardFocus=0",
					"JucePlugin_Version=1.0.0",
					"JucePlugin_VersionCode=0x10000",
					"JucePlugin_VersionString=\\\"1.0.0\\\"",
					"JucePlugin_VSTUniqueID=JucePlugin_PluginCode",
					"JucePlugin_VSTCategory=kPlugCategEffect",
					"JucePlugin_Vst3Category=\\\"Fx|EQ\\\"",
					"JucePlugin_AUMainType=\\'aufx\\'",
					"JucePlugin_AUSubType=JucePlugin_PluginCode",
					"JucePlugin_AUExportPrefix=LadderFilterBasicAU",
					"JucePlugin_AUExportPrefixQuoted=\\\"LadderFilterBasicAU\\\"",
					"JucePlugin_AUManufacturerCode=JucePlugin_ManufacturerCode",
					"JucePlugin_CFBundleIdentifier=com.BlackMartini.LadderFilterBasic",
					"JucePlugin_AAXIdentifier=com.BlackMartini.LadderFilterBasic",
					"JucePlugin_AAXManufacturerCode=JucePlugin_ManufacturerCode",
					"JucePlugin_AAXProductId=JucePlugin_PluginCode",
					"JucePlugin_AAXCategory=0",
					"JucePlugin_AAXDisableBypass=0",
					"JucePlugin_AAXDisableMultiMono=0",
					"JucePlugin_IAAType=0x61757278",
					"JucePlugin_IAASubType=JucePlugin_PluginCode",
					"JucePlugin_IAAName=\\\"Black\\ Martini:\\ LadderFilterBasic\\\"",
					"JucePlugin_VSTNumMidiInputs=16",
					"JucePlugin_VSTNumMidiOutputs=16",
					"JucePlugin_ARAContentTypes=0",
					"JucePlugin_ARATransformationFlags=0",
					"JucePlugin_ARAFactoryID=\\\"com.BlackMartini.LadderFilterBasic.factory\\\"",
					"JucePlugin_ARADocumentArchiveID=\\\"com.BlackMartini.LadderFilterBasic.aradocumentarchive.1.0.0\\\"",
					"JucePlugin_ARACompatibleArchiveIDs=\\\"\\\"",
					"JUCE_STANDALONE_APPLICATION=JucePlugin_Build_Standalone",
					"JUCER_XCODE_MAC_F6D2F4CF=1",
					"JUCE_APP_VERSION=1.0.0",
					"JUCE_APP_VERSION_HEX=0x10000",
				);
				GCC_VERSION = com.apple.compilers.llvm.clang.1_0;
				GENERATE_PKGINFO_FILE = YES;
				HEADER_SEARCH_PATHS = (
					"/Applications/JUCE/modules/juce_audio_processors/format_types/VST3_SDK",
					"$(SRCROOT)/../../JuceLibraryCode",
					"/Applications/JUCE/modules",
					"/Applications/JUCE/modules/juce_audio_plugin_client",
					"$(inherited)",
				);
				INFOPLIST_FILE = Info-VST3.plist;
				INFOPLIST_PREPROCESS = NO;
				INSTALL_PATH = "$(HOME)/Library/Audio/Plug-Ins/VST3/";
				LIBRARY_STYLE = Bundle;
				LLVM_LTO = YES;
				MACOSX_DEPLOYMENT_TARGET = 10.11;
				MTL_HEADER_SEARCH_PATHS = "/Applications/JUCE/modules/juce_audio_processors/format_types/VST3_SDK $(SRCROOT)/../../JuceLibraryCode /Applications/JUCE/modules /Applications/JUCE/modules/juce_audio_plugin_client";
				OTHER_LDFLAGS = "-bundle -lLadderFilterBasic -weak_framework Metal -weak_framework MetalKit";
				PRODUCT_BUNDLE_IDENTIFIER = com.BlackMartini.LadderFilterBasic;
				PRODUCT_NAME = "LadderFilterBasic";
				USE_HEADERMAP = NO;
				VALID_ARCHS = "i386 x86_64 arm64 arm64e";
				WRAPPER_EXTENSION = vst3;
			};
			name = Release;
		};
		BB3CC5AA0B0B4FE23B425F48 /* Debug */ = {
			isa = XCBuildConfiguration;
			buildSettings = {
				MACOSX_DEPLOYMENT_TARGET = 10.11;
				SDKROOT = macosx;
			};
			name = Debug;
		};
		C9AC18A6889D8A35B53E59E5 /* Release */ = {
			isa = XCBuildConfiguration;
			buildSettings = {
				CLANG_CXX_LANGUAGE_STANDARD = "c++14";
				CLANG_CXX_LIBRARY = "libc++";
				CLANG_LINK_OBJC_RUNTIME = NO;
				CODE_SIGN_IDENTITY = "";
				COMBINE_HIDPI_IMAGES = YES;
				CONFIGURATION_BUILD_DIR = "$(PROJECT_DIR)/build/$(CONFIGURATION)";
				DEAD_CODE_STRIPPING = YES;
				EXCLUDED_ARCHS = "";
				GCC_GENERATE_DEBUGGING_SYMBOLS = NO;
				GCC_OPTIMIZATION_LEVEL = 3;
				GCC_PREPROCESSOR_DEFINITIONS = (
					"_NDEBUG=1",
					"NDEBUG=1",
					"JUCE_DISPLAY_SPLASH_SCREEN=1",
					"JUCE_USE_DARK_SPLASH_SCREEN=1",
					"JUCE_PROJUCER_VERSION=0x70002",
					"JUCE_MODULE_AVAILABLE_juce_audio_basics=1",
					"JUCE_MODULE_AVAILABLE_juce_audio_devices=1",
					"JUCE_MODULE_AVAILABLE_juce_audio_formats=1",
					"JUCE_MODULE_AVAILABLE_juce_audio_plugin_client=1",
					"JUCE_MODULE_AVAILABLE_juce_audio_processors=1",
					"JUCE_MODULE_AVAILABLE_juce_audio_utils=1",
					"JUCE_MODULE_AVAILABLE_juce_core=1",
					"JUCE_MODULE_AVAILABLE_juce_data_structures=1",
					"JUCE_MODULE_AVAILABLE_juce_dsp=1",
					"JUCE_MODULE_AVAILABLE_juce_events=1",
					"JUCE_MODULE_AVAILABLE_juce_graphics=1",
					"JUCE_MODULE_AVAILABLE_juce_gui_basics=1",
					"JUCE_MODULE_AVAILABLE_juce_gui_extra=1",
					"JUCE_GLOBAL_MODULE_SETTINGS_INCLUDED=1",
					"JUCE_VST3_CAN_REPLACE_VST2=0",
					"JUCE_STRICT_REFCOUNTEDPOINTER=1",
					"JucePlugin_Build_VST=0",
					"JucePlugin_Build_VST3=1",
					"JucePlugin_Build_AU=1",
					"JucePlugin_Build_AUv3=0",
					"JucePlugin_Build_AAX=0",
					"JucePlugin_Build_Standalone=1",
					"JucePlugin_Build_Unity=0",
					"JucePlugin_Build_LV2=0",
					"JucePlugin_Enable_IAA=0",
					"JucePlugin_Enable_ARA=0",
					"JucePlugin_Name=\\\"LadderFilterBasic\\\"",
					"JucePlugin_Desc=\\\"LadderFilterBasic\\\"",
					"JucePlugin_Manufacturer=\\\"Black\\ Martini\\\"",
					"JucePlugin_ManufacturerWebsite=\\\"www.BlackMartini.com\\\"",
					"JucePlugin_ManufacturerEmail=\\\"\\\"",
					"JucePlugin_ManufacturerCode=0x4d616e75",
					"JucePlugin_PluginCode=0x44733264",
					"JucePlugin_IsSynth=0",
					"JucePlugin_WantsMidiInput=0",
					"JucePlugin_ProducesMidiOutput=0",
					"JucePlugin_IsMidiEffect=0",
					"JucePlugin_EditorRequiresKeyboardFocus=0",
					"JucePlugin_Version=1.0.0",
					"JucePlugin_VersionCode=0x10000",
					"JucePlugin_VersionString=\\\"1.0.0\\\"",
					"JucePlugin_VSTUniqueID=JucePlugin_PluginCode",
					"JucePlugin_VSTCategory=kPlugCategEffect",
					"JucePlugin_Vst3Category=\\\"Fx|EQ\\\"",
					"JucePlugin_AUMainType=\\'aufx\\'",
					"JucePlugin_AUSubType=JucePlugin_PluginCode",
					"JucePlugin_AUExportPrefix=LadderFilterBasicAU",
					"JucePlugin_AUExportPrefixQuoted=\\\"LadderFilterBasicAU\\\"",
					"JucePlugin_AUManufacturerCode=JucePlugin_ManufacturerCode",
					"JucePlugin_CFBundleIdentifier=com.BlackMartini.LadderFilterBasic",
					"JucePlugin_AAXIdentifier=com.BlackMartini.LadderFilterBasic",
					"JucePlugin_AAXManufacturerCode=JucePlugin_ManufacturerCode",
					"JucePlugin_AAXProductId=JucePlugin_PluginCode",
					"JucePlugin_AAXCategory=0",
					"JucePlugin_AAXDisableBypass=0",
					"JucePlugin_AAXDisableMultiMono=0",
					"JucePlugin_IAAType=0x61757278",
					"JucePlugin_IAASubType=JucePlugin_PluginCode",
					"JucePlugin_IAAName=\\\"Black\\ Martini:\\ LadderFilterBasic\\\"",
					"JucePlugin_VSTNumMidiInputs=16",
					"JucePlugin_VSTNumMidiOutputs=16",
					"JucePlugin_ARAContentTypes=0",
					"JucePlugin_ARATransformationFlags=0",
					"JucePlugin_ARAFactoryID=\\\"com.BlackMartini.LadderFilterBasic.factory\\\"",
					"JucePlugin_ARADocumentArchiveID=\\\"com.BlackMartini.LadderFilterBasic.aradocumentarchive.1.0.0\\\"",
					"JucePlugin_ARACompatibleArchiveIDs=\\\"\\\"",
					"JUCE_STANDALONE_APPLICATION=JucePlugin_Build_Standalone",
					"JUCER_XCODE_MAC_F6D2F4CF=1",
					"JUCE_APP_VERSION=1.0.0",
					"JUCE_APP_VERSION_HEX=0x10000",
					"JUCE_SHARED_CODE=1",
				);
				GCC_VERSION = com.apple.compilers.llvm.clang.1_0;
				HEADER_SEARCH_PATHS = (
					"/Applications/JUCE/modules/juce_audio_processors/format_types/VST3_SDK",
					"$(SRCROOT)/../../JuceLibraryCode",
					"/Applications/JUCE/modules",
					"/Applications/JUCE/modules/juce_audio_plugin_client",
					"$(inherited)",
				);
				INSTALL_PATH = "@executable_path/../Frameworks";
				LLVM_LTO = YES;
				MACOSX_DEPLOYMENT_TARGET = 10.11;
				MTL_HEADER_SEARCH_PATHS = "/Applications/JUCE/modules/juce_audio_processors/format_types/VST3_SDK $(SRCROOT)/../../JuceLibraryCode /Applications/JUCE/modules /Applications/JUCE/modules/juce_audio_plugin_client";
				OTHER_LDFLAGS = "-weak_framework Metal -weak_framework MetalKit";
				PRODUCT_BUNDLE_IDENTIFIER = com.BlackMartini.LadderFilterBasic;
				PRODUCT_NAME = "LadderFilterBasic";
				SKIP_INSTALL = YES;
				USE_HEADERMAP = NO;
				VALID_ARCHS = "i386 x86_64 arm64 arm64e";
			};
			name = Release;
		};
		DB159D585025A502C59B3222 /* Debug */ = {
			isa = XCBuildConfiguration;
			buildSettings = {
				CLANG_CXX_LANGUAGE_STANDARD = "c++14";
				CLANG_CXX_LIBRARY = "libc++";
				CLANG_LINK_OBJC_RUNTIME = NO;
				CODE_SIGN_IDENTITY = "";
				COMBINE_HIDPI_IMAGES = YES;
				CONFIGURATION_BUILD_DIR = "$(PROJECT_DIR)/build/$(CONFIGURATION)";
				COPY_PHASE_STRIP = NO;
				DEPLOYMENT_LOCATION = YES;
				DSTROOT = /;
				EXCLUDED_ARCHS = "";
				GCC_DYNAMIC_NO_PIC = NO;
				GCC_OPTIMIZATION_LEVEL = 0;
				GCC_PREPROCESSOR_DEFINITIONS = (
					"_DEBUG=1",
					"DEBUG=1",
					"JUCE_DISPLAY_SPLASH_SCREEN=1",
					"JUCE_USE_DARK_SPLASH_SCREEN=1",
					"JUCE_PROJUCER_VERSION=0x70002",
					"JUCE_MODULE_AVAILABLE_juce_audio_basics=1",
					"JUCE_MODULE_AVAILABLE_juce_audio_devices=1",
					"JUCE_MODULE_AVAILABLE_juce_audio_formats=1",
					"JUCE_MODULE_AVAILABLE_juce_audio_plugin_client=1",
					"JUCE_MODULE_AVAILABLE_juce_audio_processors=1",
					"JUCE_MODULE_AVAILABLE_juce_audio_utils=1",
					"JUCE_MODULE_AVAILABLE_juce_core=1",
					"JUCE_MODULE_AVAILABLE_juce_data_structures=1",
					"JUCE_MODULE_AVAILABLE_juce_dsp=1",
					"JUCE_MODULE_AVAILABLE_juce_events=1",
					"JUCE_MODULE_AVAILABLE_juce_graphics=1",
					"JUCE_MODULE_AVAILABLE_juce_gui_basics=1",
					"JUCE_MODULE_AVAILABLE_juce_gui_extra=1",
					"JUCE_GLOBAL_MODULE_SETTINGS_INCLUDED=1",
					"JUCE_VST3_CAN_REPLACE_VST2=0",
					"JUCE_STRICT_REFCOUNTEDPOINTER=1",
					"JucePlugin_Build_VST=0",
					"JucePlugin_Build_VST3=1",
					"JucePlugin_Build_AU=0",
					"JucePlugin_Build_AUv3=0",
					"JucePlugin_Build_AAX=0",
					"JucePlugin_Build_Standalone=0",
					"JucePlugin_Build_Unity=0",
					"JucePlugin_Build_LV2=0",
					"JucePlugin_Enable_IAA=0",
					"JucePlugin_Enable_ARA=0",
					"JucePlugin_Name=\\\"LadderFilterBasic\\\"",
					"JucePlugin_Desc=\\\"LadderFilterBasic\\\"",
					"JucePlugin_Manufacturer=\\\"Black\\ Martini\\\"",
					"JucePlugin_ManufacturerWebsite=\\\"www.BlackMartini.com\\\"",
					"JucePlugin_ManufacturerEmail=\\\"\\\"",
					"JucePlugin_ManufacturerCode=0x4d616e75",
					"JucePlugin_PluginCode=0x44733264",
					"JucePlugin_IsSynth=0",
					"JucePlugin_WantsMidiInput=0",
					"JucePlugin_ProducesMidiOutput=0",
					"JucePlugin_IsMidiEffect=0",
					"JucePlugin_EditorRequiresKeyboardFocus=0",
					"JucePlugin_Version=1.0.0",
					"JucePlugin_VersionCode=0x10000",
					"JucePlugin_VersionString=\\\"1.0.0\\\"",
					"JucePlugin_VSTUniqueID=JucePlugin_PluginCode",
					"JucePlugin_VSTCategory=kPlugCategEffect",
					"JucePlugin_Vst3Category=\\\"Fx|EQ\\\"",
					"JucePlugin_AUMainType=\\'aufx\\'",
					"JucePlugin_AUSubType=JucePlugin_PluginCode",
					"JucePlugin_AUExportPrefix=LadderFilterBasicAU",
					"JucePlugin_AUExportPrefixQuoted=\\\"LadderFilterBasicAU\\\"",
					"JucePlugin_AUManufacturerCode=JucePlugin_ManufacturerCode",
					"JucePlugin_CFBundleIdentifier=com.BlackMartini.LadderFilterBasic",
					"JucePlugin_AAXIdentifier=com.BlackMartini.LadderFilterBasic",
					"JucePlugin_AAXManufacturerCode=JucePlugin_ManufacturerCode",
					"JucePlugin_AAXProductId=JucePlugin_PluginCode",
					"JucePlugin_AAXCategory=0",
					"JucePlugin_AAXDisableBypass=0",
					"JucePlugin_AAXDisableMultiMono=0",
					"JucePlugin_IAAType=0x61757278",
					"JucePlugin_IAASubType=JucePlugin_PluginCode",
					"JucePlugin_IAAName=\\\"Black\\ Martini:\\ LadderFilterBasic\\\"",
					"JucePlugin_VSTNumMidiInputs=16",
					"JucePlugin_VSTNumMidiOutputs=16",
					"JucePlugin_ARAContentTypes=0",
					"JucePlugin_ARATransformationFlags=0",
					"JucePlugin_ARAFactoryID=\\\"com.BlackMartini.LadderFilterBasic.factory\\\"",
					"JucePlugin_ARADocumentArchiveID=\\\"com.BlackMartini.LadderFilterBasic.aradocumentarchive.1.0.0\\\"",
					"JucePlugin_ARACompatibleArchiveIDs=\\\"\\\"",
					"JUCE_STANDALONE_APPLICATION=JucePlugin_Build_Standalone",
					"JUCER_XCODE_MAC_F6D2F4CF=1",
					"JUCE_APP_VERSION=1.0.0",
					"JUCE_APP_VERSION_HEX=0x10000",
				);
				GCC_VERSION = com.apple.compilers.llvm.clang.1_0;
				GENERATE_PKGINFO_FILE = YES;
				HEADER_SEARCH_PATHS = (
					"/Applications/JUCE/modules/juce_audio_processors/format_types/VST3_SDK",
					"$(SRCROOT)/../../JuceLibraryCode",
					"/Applications/JUCE/modules",
					"/Applications/JUCE/modules/juce_audio_plugin_client",
					"$(inherited)",
				);
				INFOPLIST_FILE = Info-VST3.plist;
				INFOPLIST_PREPROCESS = NO;
				INSTALL_PATH = "$(HOME)/Library/Audio/Plug-Ins/VST3/";
				LIBRARY_STYLE = Bundle;
				MACOSX_DEPLOYMENT_TARGET = 10.11;
				MTL_HEADER_SEARCH_PATHS = "/Applications/JUCE/modules/juce_audio_processors/format_types/VST3_SDK $(SRCROOT)/../../JuceLibraryCode /Applications/JUCE/modules /Applications/JUCE/modules/juce_audio_plugin_client";
				OTHER_LDFLAGS = "-bundle -lLadderFilterBasic -weak_framework Metal -weak_framework MetalKit";
				PRODUCT_BUNDLE_IDENTIFIER = com.BlackMartini.LadderFilterBasic;
				PRODUCT_NAME = "LadderFilterBasic";
				USE_HEADERMAP = NO;
				VALID_ARCHS = "i386 x86_64 arm64 arm64e";
				WRAPPER_EXTENSION = vst3;
			};
			name = Debug;
		};
		DEE31F1F7135AC30F5E77779 /* Release */ = {
			isa = XCBuildConfiguration;
			buildSettings = {
				CLANG_CXX_LANGUAGE_STANDARD = "c++14";
				CLANG_CXX_LIBRARY = "libc++";
				CLANG_LINK_OBJC_RUNTIME = NO;
				CODE_SIGN_IDENTITY = "";
				COMBINE_HIDPI_IMAGES = YES;
				CONFIGURATION_BUILD_DIR = "$(PROJECT_DIR)/build/$(CONFIGURATION)";
				DEAD_CODE_STRIPPING = YES;
				DEPLOYMENT_LOCATION = YES;
				DSTROOT = /;
				EXCLUDED_ARCHS = "";
				GCC_GENERATE_DEBUGGING_SYMBOLS = NO;
				GCC_OPTIMIZATION_LEVEL = 3;
				GCC_PREPROCESSOR_DEFINITIONS = (
					"_NDEBUG=1",
					"NDEBUG=1",
					"JUCE_DISPLAY_SPLASH_SCREEN=1",
					"JUCE_USE_DARK_SPLASH_SCREEN=1",
					"JUCE_PROJUCER_VERSION=0x70002",
					"JUCE_MODULE_AVAILABLE_juce_audio_basics=1",
					"JUCE_MODULE_AVAILABLE_juce_audio_devices=1",
					"JUCE_MODULE_AVAILABLE_juce_audio_formats=1",
					"JUCE_MODULE_AVAILABLE_juce_audio_plugin_client=1",
					"JUCE_MODULE_AVAILABLE_juce_audio_processors=1",
					"JUCE_MODULE_AVAILABLE_juce_audio_utils=1",
					"JUCE_MODULE_AVAILABLE_juce_core=1",
					"JUCE_MODULE_AVAILABLE_juce_data_structures=1",
					"JUCE_MODULE_AVAILABLE_juce_dsp=1",
					"JUCE_MODULE_AVAILABLE_juce_events=1",
					"JUCE_MODULE_AVAILABLE_juce_graphics=1",
					"JUCE_MODULE_AVAILABLE_juce_gui_basics=1",
					"JUCE_MODULE_AVAILABLE_juce_gui_extra=1",
					"JUCE_GLOBAL_MODULE_SETTINGS_INCLUDED=1",
					"JUCE_VST3_CAN_REPLACE_VST2=0",
					"JUCE_STRICT_REFCOUNTEDPOINTER=1",
					"JucePlugin_Build_VST=0",
					"JucePlugin_Build_VST3=0",
					"JucePlugin_Build_AU=1",
					"JucePlugin_Build_AUv3=0",
					"JucePlugin_Build_AAX=0",
					"JucePlugin_Build_Standalone=0",
					"JucePlugin_Build_Unity=0",
					"JucePlugin_Build_LV2=0",
					"JucePlugin_Enable_IAA=0",
					"JucePlugin_Enable_ARA=0",
					"JucePlugin_Name=\\\"LadderFilterBasic\\\"",
					"JucePlugin_Desc=\\\"LadderFilterBasic\\\"",
					"JucePlugin_Manufacturer=\\\"Black\\ Martini\\\"",
					"JucePlugin_ManufacturerWebsite=\\\"www.BlackMartini.com\\\"",
					"JucePlugin_ManufacturerEmail=\\\"\\\"",
					"JucePlugin_ManufacturerCode=0x4d616e75",
					"JucePlugin_PluginCode=0x44733264",
					"JucePlugin_IsSynth=0",
					"JucePlugin_WantsMidiInput=0",
					"JucePlugin_ProducesMidiOutput=0",
					"JucePlugin_IsMidiEffect=0",
					"JucePlugin_EditorRequiresKeyboardFocus=0",
					"JucePlugin_Version=1.0.0",
					"JucePlugin_VersionCode=0x10000",
					"JucePlugin_VersionString=\\\"1.0.0\\\"",
					"JucePlugin_VSTUniqueID=JucePlugin_PluginCode",
					"JucePlugin_VSTCategory=kPlugCategEffect",
					"JucePlugin_Vst3Category=\\\"Fx|EQ\\\"",
					"JucePlugin_AUMainType=\\'aufx\\'",
					"JucePlugin_AUSubType=JucePlugin_PluginCode",
					"JucePlugin_AUExportPrefix=LadderFilterBasicAU",
					"JucePlugin_AUExportPrefixQuoted=\\\"LadderFilterBasicAU\\\"",
					"JucePlugin_AUManufacturerCode=JucePlugin_ManufacturerCode",
					"JucePlugin_CFBundleIdentifier=com.BlackMartini.LadderFilterBasic",
					"JucePlugin_AAXIdentifier=com.BlackMartini.LadderFilterBasic",
					"JucePlugin_AAXManufacturerCode=JucePlugin_ManufacturerCode",
					"JucePlugin_AAXProductId=JucePlugin_PluginCode",
					"JucePlugin_AAXCategory=0",
					"JucePlugin_AAXDisableBypass=0",
					"JucePlugin_AAXDisableMultiMono=0",
					"JucePlugin_IAAType=0x61757278",
					"JucePlugin_IAASubType=JucePlugin_PluginCode",
					"JucePlugin_IAAName=\\\"Black\\ Martini:\\ LadderFilterBasic\\\"",
					"JucePlugin_VSTNumMidiInputs=16",
					"JucePlugin_VSTNumMidiOutputs=16",
					"JucePlugin_ARAContentTypes=0",
					"JucePlugin_ARATransformationFlags=0",
					"JucePlugin_ARAFactoryID=\\\"com.BlackMartini.LadderFilterBasic.factory\\\"",
					"JucePlugin_ARADocumentArchiveID=\\\"com.BlackMartini.LadderFilterBasic.aradocumentarchive.1.0.0\\\"",
					"JucePlugin_ARACompatibleArchiveIDs=\\\"\\\"",
					"JUCE_STANDALONE_APPLICATION=JucePlugin_Build_Standalone",
					"JUCER_XCODE_MAC_F6D2F4CF=1",
					"JUCE_APP_VERSION=1.0.0",
					"JUCE_APP_VERSION_HEX=0x10000",
				);
				GCC_VERSION = com.apple.compilers.llvm.clang.1_0;
				GENERATE_PKGINFO_FILE = YES;
				HEADER_SEARCH_PATHS = (
					"/Applications/JUCE/modules/juce_audio_processors/format_types/VST3_SDK",
					"$(SRCROOT)/../../JuceLibraryCode",
					"/Applications/JUCE/modules",
					"/Applications/JUCE/modules/juce_audio_plugin_client",
					"$(inherited)",
				);
				INFOPLIST_FILE = Info-AU.plist;
				INFOPLIST_PREPROCESS = NO;
				INSTALL_PATH = "$(HOME)/Library/Audio/Plug-Ins/Components/";
				LIBRARY_STYLE = Bundle;
				LLVM_LTO = YES;
				MACOSX_DEPLOYMENT_TARGET = 10.11;
				MTL_HEADER_SEARCH_PATHS = "/Applications/JUCE/modules/juce_audio_processors/format_types/VST3_SDK $(SRCROOT)/../../JuceLibraryCode /Applications/JUCE/modules /Applications/JUCE/modules/juce_audio_plugin_client";
				OTHER_LDFLAGS = "-bundle -lLadderFilterBasic -weak_framework Metal -weak_framework MetalKit";
				OTHER_REZFLAGS = "-d ppc_$ppc -d i386_$i386 -d ppc64_$ppc64 -d x86_64_$x86_64 -d arm64_$arm64 -I /System/Library/Frameworks/CoreServices.framework/Frameworks/CarbonCore.framework/Versions/A/Headers -I \"$(DEVELOPER_DIR)/Extras/CoreAudio/AudioUnits/AUPublic/AUBase\" -I \"$(DEVELOPER_DIR)/Platforms/MacOSX.platform/Developer/SDKs/MacOSX.sdk/System/Library/Frameworks/AudioUnit.framework/Headers\"";
				PRODUCT_BUNDLE_IDENTIFIER = com.BlackMartini.LadderFilterBasic;
				PRODUCT_NAME = "LadderFilterBasic";
				USE_HEADERMAP = NO;
				VALID_ARCHS = "i386 x86_64 arm64 arm64e";
				WRAPPER_EXTENSION = component;
			};
			name = Release;
		};
/* End XCBuildConfiguration section */

/* Begin XCConfigurationList section */
		01AA16E5DB7416ECD7AEB021 = {
			isa = XCConfigurationList;
			buildConfigurations = (
				729CD85E046C4A248CCB9440,
				DEE31F1F7135AC30F5E77779,
			);
			defaultConfigurationIsVisible = 0;
			defaultConfigurationName = Debug;
		};
		369BCF2508132B1D1E0F0EA2 = {
			isa = XCConfigurationList;
			buildConfigurations = (
				4EDCF9C197F3B6BECB4F65A0,
				C9AC18A6889D8A35B53E59E5,
			);
			defaultConfigurationIsVisible = 0;
			defaultConfigurationName = Debug;
		};
		58438EE2551C78B255753CC4 = {
			isa = XCConfigurationList;
			buildConfigurations = (
				72A4D9A1D0CCB217A7A816A5,
				9D08C75ED623CD605174C09F,
			);
			defaultConfigurationIsVisible = 0;
			defaultConfigurationName = Debug;
		};
		6FCE93B4819939E126B19E6E = {
			isa = XCConfigurationList;
			buildConfigurations = (
				53716DDDE6E151E5AA5E0EF9,
				9DF372537706481F7AB911D5,
			);
			defaultConfigurationIsVisible = 0;
			defaultConfigurationName = Debug;
		};
		952F8B59A6B41C936929D1A6 = {
			isa = XCConfigurationList;
			buildConfigurations = (
				DB159D585025A502C59B3222,
				A3C7A5B0A43800ABEB937082,
			);
			defaultConfigurationIsVisible = 0;
			defaultConfigurationName = Debug;
		};
		BAC05C52BCD3C812D72805E8 = {
			isa = XCConfigurationList;
			buildConfigurations = (
				BB3CC5AA0B0B4FE23B425F48,
				167C73D41CA7B1E62DD90318,
			);
			defaultConfigurationIsVisible = 0;
			defaultConfigurationName = Debug;
		};
/* End XCConfigurationList section */
	};
	rootObject = 7D3DB1B29CE74677A693B46A /* Project object */;
}
